// !$*UTF8*$!
{
	archiveVersion = 1;
	classes = {
	};
	objectVersion = 51;
	objects = {

/* Begin PBXBuildFile section */
		4C34F48523F544870073AFF6 /* GitHubUserAPI.swift in Sources */ = {isa = PBXBuildFile; fileRef = 4C34F48423F544870073AFF6 /* GitHubUserAPI.swift */; };
		4C34F48823F66A520073AFF6 /* UserInfo.swift in Sources */ = {isa = PBXBuildFile; fileRef = 4C34F48723F66A520073AFF6 /* UserInfo.swift */; };
		4C34F48A23F671500073AFF6 /* Define.swift in Sources */ = {isa = PBXBuildFile; fileRef = 4C34F48923F671500073AFF6 /* Define.swift */; };
		4C35A1DE2400544E007CE4D5 /* GitHubService.swift in Sources */ = {isa = PBXBuildFile; fileRef = 4C35A1DD2400544E007CE4D5 /* GitHubService.swift */; };
		4C35A1E1240055CB007CE4D5 /* ParsingContribution.swift in Sources */ = {isa = PBXBuildFile; fileRef = 4C35A1E0240055CB007CE4D5 /* ParsingContribution.swift */; };
		4C37F7CB23FB9FCA006202BB /* MyPageViewController.swift in Sources */ = {isa = PBXBuildFile; fileRef = 4C37F7CA23FB9FCA006202BB /* MyPageViewController.swift */; };
		4C37F7CD23FB9FE6006202BB /* MyPageView.swift in Sources */ = {isa = PBXBuildFile; fileRef = 4C37F7CC23FB9FE6006202BB /* MyPageView.swift */; };
		4C37F7D023FBA1F2006202BB /* MyPageTableViewCell.swift in Sources */ = {isa = PBXBuildFile; fileRef = 4C37F7CF23FBA1F2006202BB /* MyPageTableViewCell.swift */; };
		4C37F7D223FC390A006202BB /* String+Extension.swift in Sources */ = {isa = PBXBuildFile; fileRef = 4C37F7D123FC390A006202BB /* String+Extension.swift */; };
		4C37F7D723FC39D3006202BB /* Localizable.strings in Resources */ = {isa = PBXBuildFile; fileRef = 4C37F7D923FC39D3006202BB /* Localizable.strings */; };
		4C3BEBD223FE42D30049D050 /* JandiCollectionCell.swift in Sources */ = {isa = PBXBuildFile; fileRef = 4C3BEBD123FE42D30049D050 /* JandiCollectionCell.swift */; };
		4C3BEBD523FE4B920049D050 /* JadiCollectionDataSource.swift in Sources */ = {isa = PBXBuildFile; fileRef = 4C3BEBD423FE4B920049D050 /* JadiCollectionDataSource.swift */; };
		4C3BEBD723FE4D630049D050 /* JandiViewModel.swift in Sources */ = {isa = PBXBuildFile; fileRef = 4C3BEBD623FE4D630049D050 /* JandiViewModel.swift */; };
		4C3BEBD923FE61800049D050 /* JandiCollectionHeaderView.swift in Sources */ = {isa = PBXBuildFile; fileRef = 4C3BEBD823FE61800049D050 /* JandiCollectionHeaderView.swift */; };
		4C3BEBDB23FE6B8B0049D050 /* JandiContributionCollectionCell.swift in Sources */ = {isa = PBXBuildFile; fileRef = 4C3BEBDA23FE6B8B0049D050 /* JandiContributionCollectionCell.swift */; };
		4C3C6A8F23FCD25A00D00F2E /* UIUserInterfaceStyle+Extension.swift in Sources */ = {isa = PBXBuildFile; fileRef = 4C3C6A8E23FCD25A00D00F2E /* UIUserInterfaceStyle+Extension.swift */; };
		4C3C6A9223FD2DF400D00F2E /* Constants.swift in Sources */ = {isa = PBXBuildFile; fileRef = 4C3C6A9123FD2DF400D00F2E /* Constants.swift */; };
		4C3C6A9523FD33F600D00F2E /* FollowViewController.swift in Sources */ = {isa = PBXBuildFile; fileRef = 4C3C6A9423FD33F600D00F2E /* FollowViewController.swift */; };
		4C3C6A9723FD340800D00F2E /* FollowView.swift in Sources */ = {isa = PBXBuildFile; fileRef = 4C3C6A9623FD340800D00F2E /* FollowView.swift */; };
		4C3C6A9923FD343B00D00F2E /* FollowViewModel.swift in Sources */ = {isa = PBXBuildFile; fileRef = 4C3C6A9823FD343B00D00F2E /* FollowViewModel.swift */; };
		4C3C6A9B23FDB8D700D00F2E /* AppService.swift in Sources */ = {isa = PBXBuildFile; fileRef = 4C3C6A9A23FDB8D700D00F2E /* AppService.swift */; };
		4C3C6A9D23FDC40100D00F2E /* FollowModel.swift in Sources */ = {isa = PBXBuildFile; fileRef = 4C3C6A9C23FDC40100D00F2E /* FollowModel.swift */; };
		4C3C6AA023FDD23100D00F2E /* FollowTableViewCell.swift in Sources */ = {isa = PBXBuildFile; fileRef = 4C3C6A9F23FDD23100D00F2E /* FollowTableViewCell.swift */; };
		4C3C961423EBE36E0001852E /* GitHubService.swift in Sources */ = {isa = PBXBuildFile; fileRef = 4C3C961323EBE36E0001852E /* GitHubService.swift */; };
		4C3CB0C323FA8B110087A636 /* GitHubContributionAPI.swift in Sources */ = {isa = PBXBuildFile; fileRef = 4C3CB0C223FA8B110087A636 /* GitHubContributionAPI.swift */; };
		4C3CB0C523FA911B0087A636 /* Contributions.swift in Sources */ = {isa = PBXBuildFile; fileRef = 4C3CB0C423FA911B0087A636 /* Contributions.swift */; };
		4C3CB0C723FA92690087A636 /* ContributionsYear.swift in Sources */ = {isa = PBXBuildFile; fileRef = 4C3CB0C623FA92690087A636 /* ContributionsYear.swift */; };
		4C3CB0C923FAEF380087A636 /* ContributionsItem.swift in Sources */ = {isa = PBXBuildFile; fileRef = 4C3CB0C823FAEF380087A636 /* ContributionsItem.swift */; };
		4C3E754323FFC5EB00D1F4ED /* ParsingContribution.swift in Sources */ = {isa = PBXBuildFile; fileRef = 4C3E754223FFC5EB00D1F4ED /* ParsingContribution.swift */; };
		4C3E754523FFD1A800D1F4ED /* JandiDetailCollectionCell.swift in Sources */ = {isa = PBXBuildFile; fileRef = 4C3E754423FFD1A800D1F4ED /* JandiDetailCollectionCell.swift */; };
		4C3E754C23FFF5EC00D1F4ED /* NotificationCenter.framework in Frameworks */ = {isa = PBXBuildFile; fileRef = 4C3E754B23FFF5EC00D1F4ED /* NotificationCenter.framework */; };
		4C3E754F23FFF5ED00D1F4ED /* TodayViewController.swift in Sources */ = {isa = PBXBuildFile; fileRef = 4C3E754E23FFF5ED00D1F4ED /* TodayViewController.swift */; };
		4C3E755223FFF5ED00D1F4ED /* MainInterface.storyboard in Resources */ = {isa = PBXBuildFile; fileRef = 4C3E755023FFF5ED00D1F4ED /* MainInterface.storyboard */; };
		4C3E755623FFF5ED00D1F4ED /* widget.appex in Embed App Extensions */ = {isa = PBXBuildFile; fileRef = 4C3E754A23FFF5EC00D1F4ED /* widget.appex */; settings = {ATTRIBUTES = (RemoveHeadersOnCopy, ); }; };
		4C3E755D23FFF81100D1F4ED /* TodayJandiCollectionViewCell.swift in Sources */ = {isa = PBXBuildFile; fileRef = 4C3E755C23FFF81100D1F4ED /* TodayJandiCollectionViewCell.swift */; };
		4C3F670B23EAAFDD001E33FC /* Repositories.swift in Sources */ = {isa = PBXBuildFile; fileRef = 4C3F670A23EAAFDD001E33FC /* Repositories.swift */; };
		4C3F670D23EABBCB001E33FC /* RepositoriesItem.swift in Sources */ = {isa = PBXBuildFile; fileRef = 4C3F670C23EABBCB001E33FC /* RepositoriesItem.swift */; };
		4C401A9623FA6D6B00CF78BD /* GoogleService-Info.plist in Resources */ = {isa = PBXBuildFile; fileRef = 4C401A9523FA6D6A00CF78BD /* GoogleService-Info.plist */; };
		4C4033C823C3838F0058A6AA /* GitHubLoginViewController.swift in Sources */ = {isa = PBXBuildFile; fileRef = 4C4033C723C3838F0058A6AA /* GitHubLoginViewController.swift */; };
		4C4033CA23C3839C0058A6AA /* GitHubLoginView.swift in Sources */ = {isa = PBXBuildFile; fileRef = 4C4033C923C3839C0058A6AA /* GitHubLoginView.swift */; };
		4C41B08423C4413D001B8A0A /* GitHubConstants.swift in Sources */ = {isa = PBXBuildFile; fileRef = 4C41B08323C4413D001B8A0A /* GitHubConstants.swift */; };
		4C41B08623C446A3001B8A0A /* GitHubViewModel.swift in Sources */ = {isa = PBXBuildFile; fileRef = 4C41B08523C446A3001B8A0A /* GitHubViewModel.swift */; };
		4C41E5C123F27BAD00DDC181 /* RepositoriesViewModel.swift in Sources */ = {isa = PBXBuildFile; fileRef = 4C41E5C023F27BAD00DDC181 /* RepositoriesViewModel.swift */; };
		4C41E5C323F27BC000DDC181 /* RepositoriesModel.swift in Sources */ = {isa = PBXBuildFile; fileRef = 4C41E5C223F27BC000DDC181 /* RepositoriesModel.swift */; };
		4C41E5C523F27FE700DDC181 /* GitHubAPI.swift in Sources */ = {isa = PBXBuildFile; fileRef = 4C41E5C423F27FE700DDC181 /* GitHubAPI.swift */; };
		4C41E5C723F2807F00DDC181 /* GitHubUserRepositoriesAPI.swift in Sources */ = {isa = PBXBuildFile; fileRef = 4C41E5C623F2807F00DDC181 /* GitHubUserRepositoriesAPI.swift */; };
		4C42DF822401726500AA95B4 /* AppServiceUtils.swift in Sources */ = {isa = PBXBuildFile; fileRef = 4C42DF812401726500AA95B4 /* AppServiceUtils.swift */; };
		4C4550CC23F4600F00F35DB3 /* SettingTableViewCell.swift in Sources */ = {isa = PBXBuildFile; fileRef = 4C4550CB23F4600F00F35DB3 /* SettingTableViewCell.swift */; };
		4C4550CF23F4812700F35DB3 /* images.xcassets in Resources */ = {isa = PBXBuildFile; fileRef = 4C4550CE23F4812700F35DB3 /* images.xcassets */; };
		4C45C5E023C2E0BD00F74EAB /* SplashViewController.swift in Sources */ = {isa = PBXBuildFile; fileRef = 4C45C5DF23C2E0BD00F74EAB /* SplashViewController.swift */; };
		4C45C5E223C2E0D900F74EAB /* SplashView.swift in Sources */ = {isa = PBXBuildFile; fileRef = 4C45C5E123C2E0D900F74EAB /* SplashView.swift */; };
		4C45C5E623C2E20F00F74EAB /* UIView+Extension.swift in Sources */ = {isa = PBXBuildFile; fileRef = 4C45C5E523C2E20F00F74EAB /* UIView+Extension.swift */; };
		4C45C5E823C2E25A00F74EAB /* UIFont+Extension.swift in Sources */ = {isa = PBXBuildFile; fileRef = 4C45C5E723C2E25A00F74EAB /* UIFont+Extension.swift */; };
		4C45C5EA23C2E26800F74EAB /* UIColor+Extension.swift in Sources */ = {isa = PBXBuildFile; fileRef = 4C45C5E923C2E26800F74EAB /* UIColor+Extension.swift */; };
		4C45C5FC23C2FCE800F74EAB /* SearchViewController.swift in Sources */ = {isa = PBXBuildFile; fileRef = 4C45C5FB23C2FCE800F74EAB /* SearchViewController.swift */; };
		4C45C5FE23C2FCF700F74EAB /* RepositoriesViewController.swift in Sources */ = {isa = PBXBuildFile; fileRef = 4C45C5FD23C2FCF700F74EAB /* RepositoriesViewController.swift */; };
		4C45C60023C2FCFF00F74EAB /* JandiViewController.swift in Sources */ = {isa = PBXBuildFile; fileRef = 4C45C5FF23C2FCFF00F74EAB /* JandiViewController.swift */; };
		4C45C60223C2FD0600F74EAB /* SettingViewController.swift in Sources */ = {isa = PBXBuildFile; fileRef = 4C45C60123C2FD0600F74EAB /* SettingViewController.swift */; };
		4C45C60423C2FF7700F74EAB /* SearchView.swift in Sources */ = {isa = PBXBuildFile; fileRef = 4C45C60323C2FF7700F74EAB /* SearchView.swift */; };
		4C45C60623C2FFB500F74EAB /* RepositoriesView.swift in Sources */ = {isa = PBXBuildFile; fileRef = 4C45C60523C2FFB500F74EAB /* RepositoriesView.swift */; };
		4C45C60823C2FFCD00F74EAB /* JandiView.swift in Sources */ = {isa = PBXBuildFile; fileRef = 4C45C60723C2FFCD00F74EAB /* JandiView.swift */; };
		4C45C60A23C2FFE300F74EAB /* SettingView.swift in Sources */ = {isa = PBXBuildFile; fileRef = 4C45C60923C2FFE300F74EAB /* SettingView.swift */; };
		4C45C60E23C3071A00F74EAB /* LoginViewController.swift in Sources */ = {isa = PBXBuildFile; fileRef = 4C45C60D23C3071A00F74EAB /* LoginViewController.swift */; };
		4C45C61023C3072500F74EAB /* LoginView.swift in Sources */ = {isa = PBXBuildFile; fileRef = 4C45C60F23C3072500F74EAB /* LoginView.swift */; };
		4C45C61223C30B2A00F74EAB /* BaseNavigationController.swift in Sources */ = {isa = PBXBuildFile; fileRef = 4C45C61123C30B2A00F74EAB /* BaseNavigationController.swift */; };
		4C45C61423C30B4900F74EAB /* BaseViewController.swift in Sources */ = {isa = PBXBuildFile; fileRef = 4C45C61323C30B4900F74EAB /* BaseViewController.swift */; };
		4C45E34923B07F6A00A125E7 /* AppDelegate.swift in Sources */ = {isa = PBXBuildFile; fileRef = 4C45E34823B07F6A00A125E7 /* AppDelegate.swift */; };
		4C45E35223B07F6A00A125E7 /* Assets.xcassets in Resources */ = {isa = PBXBuildFile; fileRef = 4C45E35123B07F6A00A125E7 /* Assets.xcassets */; };
		4C45E35523B07F6A00A125E7 /* LaunchScreen.storyboard in Resources */ = {isa = PBXBuildFile; fileRef = 4C45E35323B07F6A00A125E7 /* LaunchScreen.storyboard */; };
		4C47400D23E2B1BE007D02AA /* UIAlertController+Extension.swift in Sources */ = {isa = PBXBuildFile; fileRef = 4C47400C23E2B1BE007D02AA /* UIAlertController+Extension.swift */; };
		4C47401023E2D1BF007D02AA /* SearchTableViewCell.swift in Sources */ = {isa = PBXBuildFile; fileRef = 4C47400F23E2D1BF007D02AA /* SearchTableViewCell.swift */; };
		4C5E8C4223F0E31F0061AE07 /* RepositoriesTableViewCell.swift in Sources */ = {isa = PBXBuildFile; fileRef = 4C5E8C4123F0E31F0061AE07 /* RepositoriesTableViewCell.swift */; };
		4C63C39023D1972C0004CCF4 /* WKWebView+rx.swift in Sources */ = {isa = PBXBuildFile; fileRef = 4C63C38F23D1972C0004CCF4 /* WKWebView+rx.swift */; };
		4C6A8A2E2404E55100CC5217 /* Alamofire.framework in Frameworks */ = {isa = PBXBuildFile; fileRef = 4C6A8A2D2404E55100CC5217 /* Alamofire.framework */; };
		4C6A8A3724050A5500CC5217 /* DWGitHubUnitTest.swift in Sources */ = {isa = PBXBuildFile; fileRef = 4C6A8A3624050A5500CC5217 /* DWGitHubUnitTest.swift */; };
		4C6A8A432405867D00CC5217 /* StoreKit.framework in Frameworks */ = {isa = PBXBuildFile; fileRef = 4C6A8A422405867D00CC5217 /* StoreKit.framework */; };
		4C6B0A4A23B10A4400275077 /* MainTabBarController.swift in Sources */ = {isa = PBXBuildFile; fileRef = 4C6B0A4923B10A4400275077 /* MainTabBarController.swift */; };
		4C6DB25823EAA41D007F15E5 /* SearchViewModel.swift in Sources */ = {isa = PBXBuildFile; fileRef = 4C6DB25723EAA41D007F15E5 /* SearchViewModel.swift */; };
		4C6DB25A23EAA5EA007F15E5 /* GitHubSearchRepositoriesAPI.swift in Sources */ = {isa = PBXBuildFile; fileRef = 4C6DB25923EAA5EA007F15E5 /* GitHubSearchRepositoriesAPI.swift */; };
		4C6EB56E240120EF009D3085 /* GitHubContributionAPI.swift in Sources */ = {isa = PBXBuildFile; fileRef = 4C6EB56D240120EF009D3085 /* GitHubContributionAPI.swift */; };
		4C6EB571240121D0009D3085 /* UIColor+Extension.swift in Sources */ = {isa = PBXBuildFile; fileRef = 4C6EB570240121D0009D3085 /* UIColor+Extension.swift */; };
		4C7904A723F6E93F003A9338 /* Language.swift in Sources */ = {isa = PBXBuildFile; fileRef = 4C7904A623F6E93F003A9338 /* Language.swift */; };
		4CEEB44D23ED411400C712A5 /* SearchModel.swift in Sources */ = {isa = PBXBuildFile; fileRef = 4CEEB44C23ED411400C712A5 /* SearchModel.swift */; };
		9A0617B8EA8F30BE85F4F6AE /* Pods_DWGitHubUnitTest.framework in Frameworks */ = {isa = PBXBuildFile; fileRef = 5F8E412B8C22B9852A3F0407 /* Pods_DWGitHubUnitTest.framework */; };
		AD779E89628620799AD3146C /* Pods_Widget.framework in Frameworks */ = {isa = PBXBuildFile; fileRef = E80F5A326C6EA275D02C717E /* Pods_Widget.framework */; };
		C793D1F6718A19DE73A9B746 /* Pods_DWGithub.framework in Frameworks */ = {isa = PBXBuildFile; fileRef = D626D8476C1C1AF25682A377 /* Pods_DWGithub.framework */; };
/* End PBXBuildFile section */

/* Begin PBXContainerItemProxy section */
		4C3E755423FFF5ED00D1F4ED /* PBXContainerItemProxy */ = {
			isa = PBXContainerItemProxy;
			containerPortal = 4C45E33D23B07F6A00A125E7 /* Project object */;
			proxyType = 1;
			remoteGlobalIDString = 4C3E754923FFF5EC00D1F4ED;
			remoteInfo = Widget;
		};
		4C6A8A3924050A5500CC5217 /* PBXContainerItemProxy */ = {
			isa = PBXContainerItemProxy;
			containerPortal = 4C45E33D23B07F6A00A125E7 /* Project object */;
			proxyType = 1;
			remoteGlobalIDString = 4C45E34423B07F6A00A125E7;
			remoteInfo = DWGithub;
		};
/* End PBXContainerItemProxy section */

/* Begin PBXCopyFilesBuildPhase section */
		4C3E755A23FFF5ED00D1F4ED /* Embed App Extensions */ = {
			isa = PBXCopyFilesBuildPhase;
			buildActionMask = 2147483647;
			dstPath = "";
			dstSubfolderSpec = 13;
			files = (
				4C3E755623FFF5ED00D1F4ED /* widget.appex in Embed App Extensions */,
			);
			name = "Embed App Extensions";
			runOnlyForDeploymentPostprocessing = 0;
		};
/* End PBXCopyFilesBuildPhase section */

/* Begin PBXFileReference section */
		03A0EFC98C23A429F3511F61 /* Pods-DWGithubTests.release.xcconfig */ = {isa = PBXFileReference; includeInIndex = 1; lastKnownFileType = text.xcconfig; name = "Pods-DWGithubTests.release.xcconfig"; path = "Target Support Files/Pods-DWGithubTests/Pods-DWGithubTests.release.xcconfig"; sourceTree = "<group>"; };
		03B4ADC5F2FC494686AC8A02 /* Pods-Widget.debug.xcconfig */ = {isa = PBXFileReference; includeInIndex = 1; lastKnownFileType = text.xcconfig; name = "Pods-Widget.debug.xcconfig"; path = "Target Support Files/Pods-Widget/Pods-Widget.debug.xcconfig"; sourceTree = "<group>"; };
		0E11CDEC755449D416D6E039 /* Pods-DWGithub.release.xcconfig */ = {isa = PBXFileReference; includeInIndex = 1; lastKnownFileType = text.xcconfig; name = "Pods-DWGithub.release.xcconfig"; path = "Target Support Files/Pods-DWGithub/Pods-DWGithub.release.xcconfig"; sourceTree = "<group>"; };
		0F1505824272A9E18163F21D /* Pods-DWGitHubUnitTest.debug.xcconfig */ = {isa = PBXFileReference; includeInIndex = 1; lastKnownFileType = text.xcconfig; name = "Pods-DWGitHubUnitTest.debug.xcconfig"; path = "Target Support Files/Pods-DWGitHubUnitTest/Pods-DWGitHubUnitTest.debug.xcconfig"; sourceTree = "<group>"; };
		14DA53AB091F6FC790B080D7 /* Pods-DWGitHubUnitTest.release.xcconfig */ = {isa = PBXFileReference; includeInIndex = 1; lastKnownFileType = text.xcconfig; name = "Pods-DWGitHubUnitTest.release.xcconfig"; path = "Target Support Files/Pods-DWGitHubUnitTest/Pods-DWGitHubUnitTest.release.xcconfig"; sourceTree = "<group>"; };
		4C34F48423F544870073AFF6 /* GitHubUserAPI.swift */ = {isa = PBXFileReference; lastKnownFileType = sourcecode.swift; path = GitHubUserAPI.swift; sourceTree = "<group>"; };
		4C34F48723F66A520073AFF6 /* UserInfo.swift */ = {isa = PBXFileReference; lastKnownFileType = sourcecode.swift; path = UserInfo.swift; sourceTree = "<group>"; };
		4C34F48923F671500073AFF6 /* Define.swift */ = {isa = PBXFileReference; lastKnownFileType = sourcecode.swift; path = Define.swift; sourceTree = "<group>"; };
		4C35A1DD2400544E007CE4D5 /* GitHubService.swift */ = {isa = PBXFileReference; lastKnownFileType = sourcecode.swift; path = GitHubService.swift; sourceTree = "<group>"; };
		4C35A1E0240055CB007CE4D5 /* ParsingContribution.swift */ = {isa = PBXFileReference; lastKnownFileType = sourcecode.swift; path = ParsingContribution.swift; sourceTree = "<group>"; };
		4C37F7CA23FB9FCA006202BB /* MyPageViewController.swift */ = {isa = PBXFileReference; lastKnownFileType = sourcecode.swift; path = MyPageViewController.swift; sourceTree = "<group>"; };
		4C37F7CC23FB9FE6006202BB /* MyPageView.swift */ = {isa = PBXFileReference; lastKnownFileType = sourcecode.swift; path = MyPageView.swift; sourceTree = "<group>"; };
		4C37F7CF23FBA1F2006202BB /* MyPageTableViewCell.swift */ = {isa = PBXFileReference; lastKnownFileType = sourcecode.swift; path = MyPageTableViewCell.swift; sourceTree = "<group>"; };
		4C37F7D123FC390A006202BB /* String+Extension.swift */ = {isa = PBXFileReference; lastKnownFileType = sourcecode.swift; path = "String+Extension.swift"; sourceTree = "<group>"; };
		4C37F7D423FC399F006202BB /* ko */ = {isa = PBXFileReference; lastKnownFileType = text.plist.strings; name = ko; path = ko.lproj/LaunchScreen.strings; sourceTree = "<group>"; };
		4C37F7D823FC39D3006202BB /* en */ = {isa = PBXFileReference; lastKnownFileType = text.plist.strings; name = en; path = en.lproj/Localizable.strings; sourceTree = "<group>"; };
		4C37F7DA23FC39D4006202BB /* ko */ = {isa = PBXFileReference; lastKnownFileType = text.plist.strings; name = ko; path = ko.lproj/Localizable.strings; sourceTree = "<group>"; };
		4C3BEBD123FE42D30049D050 /* JandiCollectionCell.swift */ = {isa = PBXFileReference; lastKnownFileType = sourcecode.swift; path = JandiCollectionCell.swift; sourceTree = "<group>"; };
		4C3BEBD423FE4B920049D050 /* JadiCollectionDataSource.swift */ = {isa = PBXFileReference; lastKnownFileType = sourcecode.swift; path = JadiCollectionDataSource.swift; sourceTree = "<group>"; };
		4C3BEBD623FE4D630049D050 /* JandiViewModel.swift */ = {isa = PBXFileReference; lastKnownFileType = sourcecode.swift; path = JandiViewModel.swift; sourceTree = "<group>"; };
		4C3BEBD823FE61800049D050 /* JandiCollectionHeaderView.swift */ = {isa = PBXFileReference; lastKnownFileType = sourcecode.swift; path = JandiCollectionHeaderView.swift; sourceTree = "<group>"; };
		4C3BEBDA23FE6B8B0049D050 /* JandiContributionCollectionCell.swift */ = {isa = PBXFileReference; lastKnownFileType = sourcecode.swift; path = JandiContributionCollectionCell.swift; sourceTree = "<group>"; };
		4C3C6A8E23FCD25A00D00F2E /* UIUserInterfaceStyle+Extension.swift */ = {isa = PBXFileReference; lastKnownFileType = sourcecode.swift; path = "UIUserInterfaceStyle+Extension.swift"; sourceTree = "<group>"; };
		4C3C6A9123FD2DF400D00F2E /* Constants.swift */ = {isa = PBXFileReference; lastKnownFileType = sourcecode.swift; path = Constants.swift; sourceTree = "<group>"; };
		4C3C6A9423FD33F600D00F2E /* FollowViewController.swift */ = {isa = PBXFileReference; lastKnownFileType = sourcecode.swift; path = FollowViewController.swift; sourceTree = "<group>"; };
		4C3C6A9623FD340800D00F2E /* FollowView.swift */ = {isa = PBXFileReference; lastKnownFileType = sourcecode.swift; path = FollowView.swift; sourceTree = "<group>"; };
		4C3C6A9823FD343B00D00F2E /* FollowViewModel.swift */ = {isa = PBXFileReference; lastKnownFileType = sourcecode.swift; path = FollowViewModel.swift; sourceTree = "<group>"; };
		4C3C6A9A23FDB8D700D00F2E /* AppService.swift */ = {isa = PBXFileReference; lastKnownFileType = sourcecode.swift; path = AppService.swift; sourceTree = "<group>"; };
		4C3C6A9C23FDC40100D00F2E /* FollowModel.swift */ = {isa = PBXFileReference; lastKnownFileType = sourcecode.swift; path = FollowModel.swift; sourceTree = "<group>"; };
		4C3C6A9F23FDD23100D00F2E /* FollowTableViewCell.swift */ = {isa = PBXFileReference; lastKnownFileType = sourcecode.swift; path = FollowTableViewCell.swift; sourceTree = "<group>"; };
		4C3C961323EBE36E0001852E /* GitHubService.swift */ = {isa = PBXFileReference; lastKnownFileType = sourcecode.swift; path = GitHubService.swift; sourceTree = "<group>"; };
		4C3CB0C223FA8B110087A636 /* GitHubContributionAPI.swift */ = {isa = PBXFileReference; lastKnownFileType = sourcecode.swift; path = GitHubContributionAPI.swift; sourceTree = "<group>"; };
		4C3CB0C423FA911B0087A636 /* Contributions.swift */ = {isa = PBXFileReference; lastKnownFileType = sourcecode.swift; path = Contributions.swift; sourceTree = "<group>"; };
		4C3CB0C623FA92690087A636 /* ContributionsYear.swift */ = {isa = PBXFileReference; lastKnownFileType = sourcecode.swift; path = ContributionsYear.swift; sourceTree = "<group>"; };
		4C3CB0C823FAEF380087A636 /* ContributionsItem.swift */ = {isa = PBXFileReference; lastKnownFileType = sourcecode.swift; path = ContributionsItem.swift; sourceTree = "<group>"; };
		4C3E754223FFC5EB00D1F4ED /* ParsingContribution.swift */ = {isa = PBXFileReference; lastKnownFileType = sourcecode.swift; path = ParsingContribution.swift; sourceTree = "<group>"; };
		4C3E754423FFD1A800D1F4ED /* JandiDetailCollectionCell.swift */ = {isa = PBXFileReference; lastKnownFileType = sourcecode.swift; path = JandiDetailCollectionCell.swift; sourceTree = "<group>"; };
		4C3E754A23FFF5EC00D1F4ED /* widget.appex */ = {isa = PBXFileReference; explicitFileType = "wrapper.app-extension"; includeInIndex = 0; path = widget.appex; sourceTree = BUILT_PRODUCTS_DIR; };
		4C3E754B23FFF5EC00D1F4ED /* NotificationCenter.framework */ = {isa = PBXFileReference; lastKnownFileType = wrapper.framework; name = NotificationCenter.framework; path = System/Library/Frameworks/NotificationCenter.framework; sourceTree = SDKROOT; };
		4C3E754E23FFF5ED00D1F4ED /* TodayViewController.swift */ = {isa = PBXFileReference; lastKnownFileType = sourcecode.swift; path = TodayViewController.swift; sourceTree = "<group>"; };
		4C3E755123FFF5ED00D1F4ED /* Base */ = {isa = PBXFileReference; lastKnownFileType = file.storyboard; name = Base; path = Base.lproj/MainInterface.storyboard; sourceTree = "<group>"; };
		4C3E755323FFF5ED00D1F4ED /* Info.plist */ = {isa = PBXFileReference; lastKnownFileType = text.plist.xml; path = Info.plist; sourceTree = "<group>"; };
		4C3E755B23FFF6DD00D1F4ED /* 나만의 깃헙.entitlements */ = {isa = PBXFileReference; lastKnownFileType = text.plist.entitlements; path = "나만의 깃헙.entitlements"; sourceTree = "<group>"; };
		4C3E755C23FFF81100D1F4ED /* TodayJandiCollectionViewCell.swift */ = {isa = PBXFileReference; lastKnownFileType = sourcecode.swift; path = TodayJandiCollectionViewCell.swift; sourceTree = "<group>"; };
		4C3F670A23EAAFDD001E33FC /* Repositories.swift */ = {isa = PBXFileReference; lastKnownFileType = sourcecode.swift; path = Repositories.swift; sourceTree = "<group>"; };
		4C3F670C23EABBCB001E33FC /* RepositoriesItem.swift */ = {isa = PBXFileReference; lastKnownFileType = sourcecode.swift; path = RepositoriesItem.swift; sourceTree = "<group>"; };
		4C401A9523FA6D6A00CF78BD /* GoogleService-Info.plist */ = {isa = PBXFileReference; fileEncoding = 4; lastKnownFileType = text.plist.xml; path = "GoogleService-Info.plist"; sourceTree = "<group>"; };
		4C4033C723C3838F0058A6AA /* GitHubLoginViewController.swift */ = {isa = PBXFileReference; lastKnownFileType = sourcecode.swift; path = GitHubLoginViewController.swift; sourceTree = "<group>"; };
		4C4033C923C3839C0058A6AA /* GitHubLoginView.swift */ = {isa = PBXFileReference; lastKnownFileType = sourcecode.swift; path = GitHubLoginView.swift; sourceTree = "<group>"; };
		4C41B08323C4413D001B8A0A /* GitHubConstants.swift */ = {isa = PBXFileReference; lastKnownFileType = sourcecode.swift; path = GitHubConstants.swift; sourceTree = "<group>"; };
		4C41B08523C446A3001B8A0A /* GitHubViewModel.swift */ = {isa = PBXFileReference; lastKnownFileType = sourcecode.swift; path = GitHubViewModel.swift; sourceTree = "<group>"; };
		4C41E5C023F27BAD00DDC181 /* RepositoriesViewModel.swift */ = {isa = PBXFileReference; lastKnownFileType = sourcecode.swift; path = RepositoriesViewModel.swift; sourceTree = "<group>"; };
		4C41E5C223F27BC000DDC181 /* RepositoriesModel.swift */ = {isa = PBXFileReference; lastKnownFileType = sourcecode.swift; path = RepositoriesModel.swift; sourceTree = "<group>"; };
		4C41E5C423F27FE700DDC181 /* GitHubAPI.swift */ = {isa = PBXFileReference; lastKnownFileType = sourcecode.swift; path = GitHubAPI.swift; sourceTree = "<group>"; };
		4C41E5C623F2807F00DDC181 /* GitHubUserRepositoriesAPI.swift */ = {isa = PBXFileReference; lastKnownFileType = sourcecode.swift; path = GitHubUserRepositoriesAPI.swift; sourceTree = "<group>"; };
		4C42DF812401726500AA95B4 /* AppServiceUtils.swift */ = {isa = PBXFileReference; lastKnownFileType = sourcecode.swift; path = AppServiceUtils.swift; sourceTree = "<group>"; };
		4C42DF832401871F00AA95B4 /* widget.entitlements */ = {isa = PBXFileReference; lastKnownFileType = text.plist.entitlements; path = widget.entitlements; sourceTree = "<group>"; };
		4C4550CB23F4600F00F35DB3 /* SettingTableViewCell.swift */ = {isa = PBXFileReference; lastKnownFileType = sourcecode.swift; path = SettingTableViewCell.swift; sourceTree = "<group>"; };
		4C4550CE23F4812700F35DB3 /* images.xcassets */ = {isa = PBXFileReference; lastKnownFileType = folder.assetcatalog; path = images.xcassets; sourceTree = "<group>"; };
		4C45C5DF23C2E0BD00F74EAB /* SplashViewController.swift */ = {isa = PBXFileReference; lastKnownFileType = sourcecode.swift; path = SplashViewController.swift; sourceTree = "<group>"; };
		4C45C5E123C2E0D900F74EAB /* SplashView.swift */ = {isa = PBXFileReference; lastKnownFileType = sourcecode.swift; path = SplashView.swift; sourceTree = "<group>"; };
		4C45C5E523C2E20F00F74EAB /* UIView+Extension.swift */ = {isa = PBXFileReference; lastKnownFileType = sourcecode.swift; path = "UIView+Extension.swift"; sourceTree = "<group>"; };
		4C45C5E723C2E25A00F74EAB /* UIFont+Extension.swift */ = {isa = PBXFileReference; lastKnownFileType = sourcecode.swift; path = "UIFont+Extension.swift"; sourceTree = "<group>"; };
		4C45C5E923C2E26800F74EAB /* UIColor+Extension.swift */ = {isa = PBXFileReference; lastKnownFileType = sourcecode.swift; path = "UIColor+Extension.swift"; sourceTree = "<group>"; };
		4C45C5FB23C2FCE800F74EAB /* SearchViewController.swift */ = {isa = PBXFileReference; lastKnownFileType = sourcecode.swift; path = SearchViewController.swift; sourceTree = "<group>"; };
		4C45C5FD23C2FCF700F74EAB /* RepositoriesViewController.swift */ = {isa = PBXFileReference; lastKnownFileType = sourcecode.swift; path = RepositoriesViewController.swift; sourceTree = "<group>"; };
		4C45C5FF23C2FCFF00F74EAB /* JandiViewController.swift */ = {isa = PBXFileReference; lastKnownFileType = sourcecode.swift; path = JandiViewController.swift; sourceTree = "<group>"; };
		4C45C60123C2FD0600F74EAB /* SettingViewController.swift */ = {isa = PBXFileReference; lastKnownFileType = sourcecode.swift; path = SettingViewController.swift; sourceTree = "<group>"; };
		4C45C60323C2FF7700F74EAB /* SearchView.swift */ = {isa = PBXFileReference; lastKnownFileType = sourcecode.swift; path = SearchView.swift; sourceTree = "<group>"; };
		4C45C60523C2FFB500F74EAB /* RepositoriesView.swift */ = {isa = PBXFileReference; lastKnownFileType = sourcecode.swift; path = RepositoriesView.swift; sourceTree = "<group>"; };
		4C45C60723C2FFCD00F74EAB /* JandiView.swift */ = {isa = PBXFileReference; lastKnownFileType = sourcecode.swift; path = JandiView.swift; sourceTree = "<group>"; };
		4C45C60923C2FFE300F74EAB /* SettingView.swift */ = {isa = PBXFileReference; lastKnownFileType = sourcecode.swift; path = SettingView.swift; sourceTree = "<group>"; };
		4C45C60D23C3071A00F74EAB /* LoginViewController.swift */ = {isa = PBXFileReference; lastKnownFileType = sourcecode.swift; path = LoginViewController.swift; sourceTree = "<group>"; };
		4C45C60F23C3072500F74EAB /* LoginView.swift */ = {isa = PBXFileReference; lastKnownFileType = sourcecode.swift; path = LoginView.swift; sourceTree = "<group>"; };
		4C45C61123C30B2A00F74EAB /* BaseNavigationController.swift */ = {isa = PBXFileReference; lastKnownFileType = sourcecode.swift; path = BaseNavigationController.swift; sourceTree = "<group>"; };
		4C45C61323C30B4900F74EAB /* BaseViewController.swift */ = {isa = PBXFileReference; lastKnownFileType = sourcecode.swift; path = BaseViewController.swift; sourceTree = "<group>"; };
		4C45E34523B07F6A00A125E7 /* DWGitHub.app */ = {isa = PBXFileReference; explicitFileType = wrapper.application; includeInIndex = 0; path = DWGitHub.app; sourceTree = BUILT_PRODUCTS_DIR; };
		4C45E34823B07F6A00A125E7 /* AppDelegate.swift */ = {isa = PBXFileReference; lastKnownFileType = sourcecode.swift; path = AppDelegate.swift; sourceTree = "<group>"; };
		4C45E35123B07F6A00A125E7 /* Assets.xcassets */ = {isa = PBXFileReference; lastKnownFileType = folder.assetcatalog; path = Assets.xcassets; sourceTree = "<group>"; };
		4C45E35423B07F6A00A125E7 /* Base */ = {isa = PBXFileReference; lastKnownFileType = file.storyboard; name = Base; path = Base.lproj/LaunchScreen.storyboard; sourceTree = "<group>"; };
		4C45E35623B07F6A00A125E7 /* Info.plist */ = {isa = PBXFileReference; lastKnownFileType = text.plist.xml; path = Info.plist; sourceTree = "<group>"; };
		4C47400C23E2B1BE007D02AA /* UIAlertController+Extension.swift */ = {isa = PBXFileReference; lastKnownFileType = sourcecode.swift; path = "UIAlertController+Extension.swift"; sourceTree = "<group>"; };
		4C47400F23E2D1BF007D02AA /* SearchTableViewCell.swift */ = {isa = PBXFileReference; lastKnownFileType = sourcecode.swift; path = SearchTableViewCell.swift; sourceTree = "<group>"; };
		4C5E8C4123F0E31F0061AE07 /* RepositoriesTableViewCell.swift */ = {isa = PBXFileReference; lastKnownFileType = sourcecode.swift; path = RepositoriesTableViewCell.swift; sourceTree = "<group>"; };
		4C63C38F23D1972C0004CCF4 /* WKWebView+rx.swift */ = {isa = PBXFileReference; lastKnownFileType = sourcecode.swift; path = "WKWebView+rx.swift"; sourceTree = "<group>"; };
		4C6A8A2D2404E55100CC5217 /* Alamofire.framework */ = {isa = PBXFileReference; explicitFileType = wrapper.framework; path = Alamofire.framework; sourceTree = BUILT_PRODUCTS_DIR; };
		4C6A8A3424050A5500CC5217 /* DWGitHubUnitTest.xctest */ = {isa = PBXFileReference; explicitFileType = wrapper.cfbundle; includeInIndex = 0; path = DWGitHubUnitTest.xctest; sourceTree = BUILT_PRODUCTS_DIR; };
		4C6A8A3624050A5500CC5217 /* DWGitHubUnitTest.swift */ = {isa = PBXFileReference; lastKnownFileType = sourcecode.swift; path = DWGitHubUnitTest.swift; sourceTree = "<group>"; };
		4C6A8A3824050A5500CC5217 /* Info.plist */ = {isa = PBXFileReference; lastKnownFileType = text.plist.xml; path = Info.plist; sourceTree = "<group>"; };
		4C6A8A3E240512D000CC5217 /* Alamofire.framework */ = {isa = PBXFileReference; explicitFileType = wrapper.framework; path = Alamofire.framework; sourceTree = BUILT_PRODUCTS_DIR; };
		4C6A8A422405867D00CC5217 /* StoreKit.framework */ = {isa = PBXFileReference; lastKnownFileType = wrapper.framework; name = StoreKit.framework; path = System/Library/Frameworks/StoreKit.framework; sourceTree = SDKROOT; };
		4C6B0A4923B10A4400275077 /* MainTabBarController.swift */ = {isa = PBXFileReference; lastKnownFileType = sourcecode.swift; path = MainTabBarController.swift; sourceTree = "<group>"; };
		4C6DB25723EAA41D007F15E5 /* SearchViewModel.swift */ = {isa = PBXFileReference; lastKnownFileType = sourcecode.swift; path = SearchViewModel.swift; sourceTree = "<group>"; };
		4C6DB25923EAA5EA007F15E5 /* GitHubSearchRepositoriesAPI.swift */ = {isa = PBXFileReference; lastKnownFileType = sourcecode.swift; path = GitHubSearchRepositoriesAPI.swift; sourceTree = "<group>"; };
		4C6EB56D240120EF009D3085 /* GitHubContributionAPI.swift */ = {isa = PBXFileReference; lastKnownFileType = sourcecode.swift; path = GitHubContributionAPI.swift; sourceTree = "<group>"; };
		4C6EB570240121D0009D3085 /* UIColor+Extension.swift */ = {isa = PBXFileReference; lastKnownFileType = sourcecode.swift; path = "UIColor+Extension.swift"; sourceTree = "<group>"; };
		4C7904A623F6E93F003A9338 /* Language.swift */ = {isa = PBXFileReference; lastKnownFileType = sourcecode.swift; path = Language.swift; sourceTree = "<group>"; };
		4CEEB44C23ED411400C712A5 /* SearchModel.swift */ = {isa = PBXFileReference; lastKnownFileType = sourcecode.swift; path = SearchModel.swift; sourceTree = "<group>"; };
		5F8E412B8C22B9852A3F0407 /* Pods_DWGitHubUnitTest.framework */ = {isa = PBXFileReference; explicitFileType = wrapper.framework; includeInIndex = 0; path = Pods_DWGitHubUnitTest.framework; sourceTree = BUILT_PRODUCTS_DIR; };
		67C07915FC90DDB70C84837A /* Pods-DWGithubTests.debug.xcconfig */ = {isa = PBXFileReference; includeInIndex = 1; lastKnownFileType = text.xcconfig; name = "Pods-DWGithubTests.debug.xcconfig"; path = "Target Support Files/Pods-DWGithubTests/Pods-DWGithubTests.debug.xcconfig"; sourceTree = "<group>"; };
		93560D1CAA46D0619F1DF67A /* Pods_DWGithubTests.framework */ = {isa = PBXFileReference; explicitFileType = wrapper.framework; includeInIndex = 0; path = Pods_DWGithubTests.framework; sourceTree = BUILT_PRODUCTS_DIR; };
		AA63B7CBDDCB3CA62C17FA99 /* Pods-Widget.release.xcconfig */ = {isa = PBXFileReference; includeInIndex = 1; lastKnownFileType = text.xcconfig; name = "Pods-Widget.release.xcconfig"; path = "Target Support Files/Pods-Widget/Pods-Widget.release.xcconfig"; sourceTree = "<group>"; };
		BD5BD01347843D0FA34CF194 /* Pods-DWGithub.debug.xcconfig */ = {isa = PBXFileReference; includeInIndex = 1; lastKnownFileType = text.xcconfig; name = "Pods-DWGithub.debug.xcconfig"; path = "Target Support Files/Pods-DWGithub/Pods-DWGithub.debug.xcconfig"; sourceTree = "<group>"; };
		D626D8476C1C1AF25682A377 /* Pods_DWGithub.framework */ = {isa = PBXFileReference; explicitFileType = wrapper.framework; includeInIndex = 0; path = Pods_DWGithub.framework; sourceTree = BUILT_PRODUCTS_DIR; };
		E80F5A326C6EA275D02C717E /* Pods_Widget.framework */ = {isa = PBXFileReference; explicitFileType = wrapper.framework; includeInIndex = 0; path = Pods_Widget.framework; sourceTree = BUILT_PRODUCTS_DIR; };
/* End PBXFileReference section */

/* Begin PBXFrameworksBuildPhase section */
		4C3E754723FFF5EC00D1F4ED /* Frameworks */ = {
			isa = PBXFrameworksBuildPhase;
			buildActionMask = 2147483647;
			files = (
				4C3E754C23FFF5EC00D1F4ED /* NotificationCenter.framework in Frameworks */,
				AD779E89628620799AD3146C /* Pods_Widget.framework in Frameworks */,
			);
			runOnlyForDeploymentPostprocessing = 0;
		};
		4C45E34223B07F6A00A125E7 /* Frameworks */ = {
			isa = PBXFrameworksBuildPhase;
			buildActionMask = 2147483647;
			files = (
				4C6A8A432405867D00CC5217 /* StoreKit.framework in Frameworks */,
				4C6A8A2E2404E55100CC5217 /* Alamofire.framework in Frameworks */,
				C793D1F6718A19DE73A9B746 /* Pods_DWGithub.framework in Frameworks */,
			);
			runOnlyForDeploymentPostprocessing = 0;
		};
		4C6A8A3124050A5500CC5217 /* Frameworks */ = {
			isa = PBXFrameworksBuildPhase;
			buildActionMask = 2147483647;
			files = (
				9A0617B8EA8F30BE85F4F6AE /* Pods_DWGitHubUnitTest.framework in Frameworks */,
			);
			runOnlyForDeploymentPostprocessing = 0;
		};
/* End PBXFrameworksBuildPhase section */

/* Begin PBXGroup section */
		4C34F48623F668F80073AFF6 /* Singletons */ = {
			isa = PBXGroup;
			children = (
				4C34F48723F66A520073AFF6 /* UserInfo.swift */,
			);
			path = Singletons;
			sourceTree = "<group>";
		};
		4C35A1DF24005454007CE4D5 /* Network */ = {
			isa = PBXGroup;
			children = (
				4C35A1E0240055CB007CE4D5 /* ParsingContribution.swift */,
				4C6EB56D240120EF009D3085 /* GitHubContributionAPI.swift */,
				4C35A1DD2400544E007CE4D5 /* GitHubService.swift */,
			);
			path = Network;
			sourceTree = "<group>";
		};
		4C37F7C923FB9FB4006202BB /* MyPage */ = {
			isa = PBXGroup;
			children = (
				4C37F7CE23FBA1E1006202BB /* Cell */,
				4C37F7CA23FB9FCA006202BB /* MyPageViewController.swift */,
				4C37F7CC23FB9FE6006202BB /* MyPageView.swift */,
			);
			path = MyPage;
			sourceTree = "<group>";
		};
		4C37F7CE23FBA1E1006202BB /* Cell */ = {
			isa = PBXGroup;
			children = (
				4C37F7CF23FBA1F2006202BB /* MyPageTableViewCell.swift */,
			);
			path = Cell;
			sourceTree = "<group>";
		};
		4C37F7D323FC3981006202BB /* strings */ = {
			isa = PBXGroup;
			children = (
				4C37F7D923FC39D3006202BB /* Localizable.strings */,
			);
			path = strings;
			sourceTree = "<group>";
		};
		4C3BEBD323FE4B4C0049D050 /* DataSource */ = {
			isa = PBXGroup;
			children = (
				4C3BEBD423FE4B920049D050 /* JadiCollectionDataSource.swift */,
			);
			path = DataSource;
			sourceTree = "<group>";
		};
		4C3C6A9023FD2DD800D00F2E /* Constants */ = {
			isa = PBXGroup;
			children = (
				4C41B08323C4413D001B8A0A /* GitHubConstants.swift */,
				4C3C6A9123FD2DF400D00F2E /* Constants.swift */,
			);
			path = Constants;
			sourceTree = "<group>";
		};
		4C3C6A9323FD335600D00F2E /* Follow */ = {
			isa = PBXGroup;
			children = (
				4C3C6A9E23FDD22400D00F2E /* Cell */,
				4C3C6A9823FD343B00D00F2E /* FollowViewModel.swift */,
				4C3C6A9423FD33F600D00F2E /* FollowViewController.swift */,
				4C3C6A9623FD340800D00F2E /* FollowView.swift */,
				4C3C6A9C23FDC40100D00F2E /* FollowModel.swift */,
			);
			path = Follow;
			sourceTree = "<group>";
		};
		4C3C6A9E23FDD22400D00F2E /* Cell */ = {
			isa = PBXGroup;
			children = (
				4C3C6A9F23FDD23100D00F2E /* FollowTableViewCell.swift */,
			);
			path = Cell;
			sourceTree = "<group>";
		};
		4C3C961223EBE35C0001852E /* Service */ = {
			isa = PBXGroup;
			children = (
				4C3C961323EBE36E0001852E /* GitHubService.swift */,
				4C3C6A9A23FDB8D700D00F2E /* AppService.swift */,
			);
			path = Service;
			sourceTree = "<group>";
		};
		4C3CB0CA23FAF6030087A636 /* Cell */ = {
			isa = PBXGroup;
			children = (
				4C3BEBD123FE42D30049D050 /* JandiCollectionCell.swift */,
				4C3BEBD823FE61800049D050 /* JandiCollectionHeaderView.swift */,
				4C3BEBDA23FE6B8B0049D050 /* JandiContributionCollectionCell.swift */,
				4C3E754423FFD1A800D1F4ED /* JandiDetailCollectionCell.swift */,
			);
			path = Cell;
			sourceTree = "<group>";
		};
		4C3E754D23FFF5EC00D1F4ED /* Widget */ = {
			isa = PBXGroup;
			children = (
				4C42DF832401871F00AA95B4 /* widget.entitlements */,
				4C6EB56F240121B6009D3085 /* Extensions */,
				4C35A1DF24005454007CE4D5 /* Network */,
				4C3E754E23FFF5ED00D1F4ED /* TodayViewController.swift */,
				4C3E755C23FFF81100D1F4ED /* TodayJandiCollectionViewCell.swift */,
				4C3E755023FFF5ED00D1F4ED /* MainInterface.storyboard */,
				4C3E755323FFF5ED00D1F4ED /* Info.plist */,
			);
			path = Widget;
			sourceTree = "<group>";
		};
		4C4033C623C383710058A6AA /* GitHubLogin */ = {
			isa = PBXGroup;
			children = (
				4C41B08523C446A3001B8A0A /* GitHubViewModel.swift */,
				4C4033C923C3839C0058A6AA /* GitHubLoginView.swift */,
				4C4033C723C3838F0058A6AA /* GitHubLoginViewController.swift */,
			);
			path = GitHubLogin;
			sourceTree = "<group>";
		};
		4C41B08223C440F1001B8A0A /* Utils */ = {
			isa = PBXGroup;
			children = (
				4C3C6A9023FD2DD800D00F2E /* Constants */,
				4C7904A523F6E92F003A9338 /* Models */,
				4C34F48623F668F80073AFF6 /* Singletons */,
				4C45C5E323C2E1F700F74EAB /* Extensions */,
				4C34F48923F671500073AFF6 /* Define.swift */,
				4C42DF812401726500AA95B4 /* AppServiceUtils.swift */,
			);
			path = Utils;
			sourceTree = "<group>";
		};
		4C4550CA23F45F6A00F35DB3 /* Cell */ = {
			isa = PBXGroup;
			children = (
				4C4550CB23F4600F00F35DB3 /* SettingTableViewCell.swift */,
			);
			path = Cell;
			sourceTree = "<group>";
		};
		4C4550CD23F4811F00F35DB3 /* images */ = {
			isa = PBXGroup;
			children = (
				4C4550CE23F4812700F35DB3 /* images.xcassets */,
			);
			path = images;
			sourceTree = "<group>";
		};
		4C45C5E323C2E1F700F74EAB /* Extensions */ = {
			isa = PBXGroup;
			children = (
				4C45C5E523C2E20F00F74EAB /* UIView+Extension.swift */,
				4C45C5E723C2E25A00F74EAB /* UIFont+Extension.swift */,
				4C45C5E923C2E26800F74EAB /* UIColor+Extension.swift */,
				4C63C38F23D1972C0004CCF4 /* WKWebView+rx.swift */,
				4C47400C23E2B1BE007D02AA /* UIAlertController+Extension.swift */,
				4C37F7D123FC390A006202BB /* String+Extension.swift */,
				4C3C6A8E23FCD25A00D00F2E /* UIUserInterfaceStyle+Extension.swift */,
			);
			path = Extensions;
			sourceTree = "<group>";
		};
		4C45C5EB23C2E6B100F74EAB /* Common */ = {
			isa = PBXGroup;
			children = (
				4C45C61123C30B2A00F74EAB /* BaseNavigationController.swift */,
				4C45C61323C30B4900F74EAB /* BaseViewController.swift */,
			);
			path = Common;
			sourceTree = "<group>";
		};
		4C45C5EE23C2E9B900F74EAB /* Resources */ = {
			isa = PBXGroup;
			children = (
				4C37F7D323FC3981006202BB /* strings */,
				4C4550CD23F4811F00F35DB3 /* images */,
			);
			path = Resources;
			sourceTree = "<group>";
		};
		4C45C5F623C2F77000F74EAB /* Search */ = {
			isa = PBXGroup;
			children = (
				4C47400E23E2D18A007D02AA /* Cell */,
				4C6DB25723EAA41D007F15E5 /* SearchViewModel.swift */,
				4C45C60323C2FF7700F74EAB /* SearchView.swift */,
				4C45C5FB23C2FCE800F74EAB /* SearchViewController.swift */,
				4CEEB44C23ED411400C712A5 /* SearchModel.swift */,
			);
			path = Search;
			sourceTree = "<group>";
		};
		4C45C5F723C2F77B00F74EAB /* Repositories */ = {
			isa = PBXGroup;
			children = (
				4C5E8C4023F0E21F0061AE07 /* Cell */,
				4C41E5C023F27BAD00DDC181 /* RepositoriesViewModel.swift */,
				4C45C5FD23C2FCF700F74EAB /* RepositoriesViewController.swift */,
				4C45C60523C2FFB500F74EAB /* RepositoriesView.swift */,
				4C41E5C223F27BC000DDC181 /* RepositoriesModel.swift */,
			);
			path = Repositories;
			sourceTree = "<group>";
		};
		4C45C5F823C2F79F00F74EAB /* Jandi */ = {
			isa = PBXGroup;
			children = (
				4C3BEBD323FE4B4C0049D050 /* DataSource */,
				4C3CB0CA23FAF6030087A636 /* Cell */,
				4C3BEBD623FE4D630049D050 /* JandiViewModel.swift */,
				4C45C5FF23C2FCFF00F74EAB /* JandiViewController.swift */,
				4C45C60723C2FFCD00F74EAB /* JandiView.swift */,
			);
			path = Jandi;
			sourceTree = "<group>";
		};
		4C45C5F923C2F95700F74EAB /* Setting */ = {
			isa = PBXGroup;
			children = (
				4C4550CA23F45F6A00F35DB3 /* Cell */,
				4C45C60123C2FD0600F74EAB /* SettingViewController.swift */,
				4C45C60923C2FFE300F74EAB /* SettingView.swift */,
			);
			path = Setting;
			sourceTree = "<group>";
		};
		4C45C5FA23C2F96400F74EAB /* Help */ = {
			isa = PBXGroup;
			children = (
			);
			path = Help;
			sourceTree = "<group>";
		};
		4C45C60C23C3070F00F74EAB /* Login */ = {
			isa = PBXGroup;
			children = (
				4C45C60F23C3072500F74EAB /* LoginView.swift */,
				4C45C60D23C3071A00F74EAB /* LoginViewController.swift */,
			);
			path = Login;
			sourceTree = "<group>";
		};
		4C45C61823C30FA100F74EAB /* Network */ = {
			isa = PBXGroup;
			children = (
				4C45C61A23C30FAE00F74EAB /* Module */,
				4C45C61923C30FAA00F74EAB /* API */,
				4C3C961223EBE35C0001852E /* Service */,
			);
			path = Network;
			sourceTree = "<group>";
		};
		4C45C61923C30FAA00F74EAB /* API */ = {
			isa = PBXGroup;
			children = (
				4C45C61F23C3101500F74EAB /* GitHub */,
			);
			path = API;
			sourceTree = "<group>";
		};
		4C45C61A23C30FAE00F74EAB /* Module */ = {
			isa = PBXGroup;
			children = (
				4C3F670A23EAAFDD001E33FC /* Repositories.swift */,
				4C3E754223FFC5EB00D1F4ED /* ParsingContribution.swift */,
				4C3F670C23EABBCB001E33FC /* RepositoriesItem.swift */,
				4C3CB0C423FA911B0087A636 /* Contributions.swift */,
				4C3CB0C623FA92690087A636 /* ContributionsYear.swift */,
				4C3CB0C823FAEF380087A636 /* ContributionsItem.swift */,
			);
			path = Module;
			sourceTree = "<group>";
		};
		4C45C61F23C3101500F74EAB /* GitHub */ = {
			isa = PBXGroup;
			children = (
				4C41E5C423F27FE700DDC181 /* GitHubAPI.swift */,
				4C34F48423F544870073AFF6 /* GitHubUserAPI.swift */,
				4C6DB25923EAA5EA007F15E5 /* GitHubSearchRepositoriesAPI.swift */,
				4C41E5C623F2807F00DDC181 /* GitHubUserRepositoriesAPI.swift */,
				4C3CB0C223FA8B110087A636 /* GitHubContributionAPI.swift */,
			);
			path = GitHub;
			sourceTree = "<group>";
		};
		4C45E33C23B07F6A00A125E7 = {
			isa = PBXGroup;
			children = (
				4C45C5EE23C2E9B900F74EAB /* Resources */,
				4C45E34723B07F6A00A125E7 /* DWGithub */,
				4C3E754D23FFF5EC00D1F4ED /* Widget */,
				4C6A8A3524050A5500CC5217 /* DWGitHubUnitTest */,
				4C45E34623B07F6A00A125E7 /* Products */,
				9B1C0D56B8269A5911340036 /* Pods */,
				BFF36702F55C7FB67F93772E /* Frameworks */,
			);
			sourceTree = "<group>";
		};
		4C45E34623B07F6A00A125E7 /* Products */ = {
			isa = PBXGroup;
			children = (
				4C45E34523B07F6A00A125E7 /* DWGitHub.app */,
				4C3E754A23FFF5EC00D1F4ED /* widget.appex */,
				4C6A8A3424050A5500CC5217 /* DWGitHubUnitTest.xctest */,
			);
			name = Products;
			sourceTree = "<group>";
		};
		4C45E34723B07F6A00A125E7 /* DWGithub */ = {
			isa = PBXGroup;
			children = (
				4C3E755B23FFF6DD00D1F4ED /* 나만의 깃헙.entitlements */,
				4C41B08223C440F1001B8A0A /* Utils */,
				4C45C61823C30FA100F74EAB /* Network */,
				4C45C5EB23C2E6B100F74EAB /* Common */,
				4C45C5FA23C2F96400F74EAB /* Help */,
				4C3C6A9323FD335600D00F2E /* Follow */,
				4C37F7C923FB9FB4006202BB /* MyPage */,
				4C45C5F923C2F95700F74EAB /* Setting */,
				4C45C5F823C2F79F00F74EAB /* Jandi */,
				4C45C5F723C2F77B00F74EAB /* Repositories */,
				4C45C5F623C2F77000F74EAB /* Search */,
				4C6B0A4623B10A1500275077 /* Main */,
				4C4033C623C383710058A6AA /* GitHubLogin */,
				4C45C60C23C3070F00F74EAB /* Login */,
				4C6B0A4123B1082F00275077 /* Slpash */,
				4C45E34823B07F6A00A125E7 /* AppDelegate.swift */,
				4C45E35123B07F6A00A125E7 /* Assets.xcassets */,
				4C45E35323B07F6A00A125E7 /* LaunchScreen.storyboard */,
				4C45E35623B07F6A00A125E7 /* Info.plist */,
				4C401A9523FA6D6A00CF78BD /* GoogleService-Info.plist */,
			);
			path = DWGithub;
			sourceTree = "<group>";
		};
		4C47400E23E2D18A007D02AA /* Cell */ = {
			isa = PBXGroup;
			children = (
				4C47400F23E2D1BF007D02AA /* SearchTableViewCell.swift */,
			);
			path = Cell;
			sourceTree = "<group>";
		};
		4C5E8C4023F0E21F0061AE07 /* Cell */ = {
			isa = PBXGroup;
			children = (
				4C5E8C4123F0E31F0061AE07 /* RepositoriesTableViewCell.swift */,
			);
			path = Cell;
			sourceTree = "<group>";
		};
		4C6A8A3524050A5500CC5217 /* DWGitHubUnitTest */ = {
			isa = PBXGroup;
			children = (
				4C6A8A3624050A5500CC5217 /* DWGitHubUnitTest.swift */,
				4C6A8A3824050A5500CC5217 /* Info.plist */,
			);
			path = DWGitHubUnitTest;
			sourceTree = "<group>";
		};
		4C6B0A4123B1082F00275077 /* Slpash */ = {
			isa = PBXGroup;
			children = (
				4C45C5E123C2E0D900F74EAB /* SplashView.swift */,
				4C45C5DF23C2E0BD00F74EAB /* SplashViewController.swift */,
			);
			path = Slpash;
			sourceTree = "<group>";
		};
		4C6B0A4623B10A1500275077 /* Main */ = {
			isa = PBXGroup;
			children = (
				4C6B0A4923B10A4400275077 /* MainTabBarController.swift */,
			);
			path = Main;
			sourceTree = "<group>";
		};
		4C6EB56F240121B6009D3085 /* Extensions */ = {
			isa = PBXGroup;
			children = (
				4C6EB570240121D0009D3085 /* UIColor+Extension.swift */,
			);
			path = Extensions;
			sourceTree = "<group>";
		};
		4C7904A523F6E92F003A9338 /* Models */ = {
			isa = PBXGroup;
			children = (
				4C7904A623F6E93F003A9338 /* Language.swift */,
			);
			path = Models;
			sourceTree = "<group>";
		};
		9B1C0D56B8269A5911340036 /* Pods */ = {
			isa = PBXGroup;
			children = (
				BD5BD01347843D0FA34CF194 /* Pods-DWGithub.debug.xcconfig */,
				0E11CDEC755449D416D6E039 /* Pods-DWGithub.release.xcconfig */,
				03B4ADC5F2FC494686AC8A02 /* Pods-Widget.debug.xcconfig */,
				AA63B7CBDDCB3CA62C17FA99 /* Pods-Widget.release.xcconfig */,
				67C07915FC90DDB70C84837A /* Pods-DWGithubTests.debug.xcconfig */,
				03A0EFC98C23A429F3511F61 /* Pods-DWGithubTests.release.xcconfig */,
				0F1505824272A9E18163F21D /* Pods-DWGitHubUnitTest.debug.xcconfig */,
				14DA53AB091F6FC790B080D7 /* Pods-DWGitHubUnitTest.release.xcconfig */,
			);
			path = Pods;
			sourceTree = "<group>";
		};
		BFF36702F55C7FB67F93772E /* Frameworks */ = {
			isa = PBXGroup;
			children = (
				4C6A8A422405867D00CC5217 /* StoreKit.framework */,
				4C6A8A3E240512D000CC5217 /* Alamofire.framework */,
				4C6A8A2D2404E55100CC5217 /* Alamofire.framework */,
				4C3E754B23FFF5EC00D1F4ED /* NotificationCenter.framework */,
				93560D1CAA46D0619F1DF67A /* Pods_DWGithubTests.framework */,
				5F8E412B8C22B9852A3F0407 /* Pods_DWGitHubUnitTest.framework */,
				D626D8476C1C1AF25682A377 /* Pods_DWGithub.framework */,
				E80F5A326C6EA275D02C717E /* Pods_Widget.framework */,
			);
			name = Frameworks;
			sourceTree = "<group>";
		};
/* End PBXGroup section */

/* Begin PBXNativeTarget section */
		4C3E754923FFF5EC00D1F4ED /* Widget */ = {
			isa = PBXNativeTarget;
			buildConfigurationList = 4C3E755723FFF5ED00D1F4ED /* Build configuration list for PBXNativeTarget "Widget" */;
			buildPhases = (
				0C6FD78AB1026B81EA5C78D8 /* [CP] Check Pods Manifest.lock */,
				4C3E754623FFF5EC00D1F4ED /* Sources */,
				4C3E754723FFF5EC00D1F4ED /* Frameworks */,
				4C3E754823FFF5EC00D1F4ED /* Resources */,
			);
			buildRules = (
			);
			dependencies = (
			);
			name = Widget;
			productName = Widget;
			productReference = 4C3E754A23FFF5EC00D1F4ED /* widget.appex */;
			productType = "com.apple.product-type.app-extension";
		};
		4C45E34423B07F6A00A125E7 /* DWGithub */ = {
			isa = PBXNativeTarget;
			buildConfigurationList = 4C45E36F23B07F6A00A125E7 /* Build configuration list for PBXNativeTarget "DWGithub" */;
			buildPhases = (
				0969778466DA34E4B135EB19 /* [CP] Check Pods Manifest.lock */,
				4C45E34123B07F6A00A125E7 /* Sources */,
				4C45E34223B07F6A00A125E7 /* Frameworks */,
				4C45E34323B07F6A00A125E7 /* Resources */,
				4C45C5F323C2F0AB00F74EAB /* Swift Lint */,
				4C45C60B23C304F800F74EAB /* License Plist */,
				4C401A9723FA723A00CF78BD /* Crashlytisc */,
				4C3E755A23FFF5ED00D1F4ED /* Embed App Extensions */,
				7D238113EF4E6248FB521053 /* [CP] Embed Pods Frameworks */,
			);
			buildRules = (
			);
			dependencies = (
				4C3E755523FFF5ED00D1F4ED /* PBXTargetDependency */,
			);
			name = DWGithub;
			productName = DWGithub;
			productReference = 4C45E34523B07F6A00A125E7 /* DWGitHub.app */;
			productType = "com.apple.product-type.application";
		};
		4C6A8A3324050A5500CC5217 /* DWGitHubUnitTest */ = {
			isa = PBXNativeTarget;
			buildConfigurationList = 4C6A8A3B24050A5500CC5217 /* Build configuration list for PBXNativeTarget "DWGitHubUnitTest" */;
			buildPhases = (
				155E5B5661762EA39B035191 /* [CP] Check Pods Manifest.lock */,
				4C6A8A3024050A5500CC5217 /* Sources */,
				4C6A8A3124050A5500CC5217 /* Frameworks */,
				4C6A8A3224050A5500CC5217 /* Resources */,
				3A4F5539EE6B44DDF2B113E0 /* [CP] Embed Pods Frameworks */,
			);
			buildRules = (
			);
			dependencies = (
				4C6A8A3A24050A5500CC5217 /* PBXTargetDependency */,
			);
			name = DWGitHubUnitTest;
			productName = DWGitHubUnitTest;
			productReference = 4C6A8A3424050A5500CC5217 /* DWGitHubUnitTest.xctest */;
			productType = "com.apple.product-type.bundle.unit-test";
		};
/* End PBXNativeTarget section */

/* Begin PBXProject section */
		4C45E33D23B07F6A00A125E7 /* Project object */ = {
			isa = PBXProject;
			attributes = {
				LastSwiftUpdateCheck = 1130;
				LastUpgradeCheck = 1130;
				ORGANIZATIONNAME = "고대원";
				TargetAttributes = {
					4C3E754923FFF5EC00D1F4ED = {
						CreatedOnToolsVersion = 11.3.1;
					};
					4C45E34423B07F6A00A125E7 = {
						CreatedOnToolsVersion = 11.3;
					};
					4C6A8A3324050A5500CC5217 = {
						CreatedOnToolsVersion = 11.3.1;
						TestTargetID = 4C45E34423B07F6A00A125E7;
					};
				};
			};
			buildConfigurationList = 4C45E34023B07F6A00A125E7 /* Build configuration list for PBXProject "DWGithub" */;
			compatibilityVersion = "Xcode 9.3";
			developmentRegion = en;
			hasScannedForEncodings = 0;
			knownRegions = (
				en,
				Base,
				ko,
			);
			mainGroup = 4C45E33C23B07F6A00A125E7;
			productRefGroup = 4C45E34623B07F6A00A125E7 /* Products */;
			projectDirPath = "";
			projectRoot = "";
			targets = (
				4C45E34423B07F6A00A125E7 /* DWGithub */,
				4C3E754923FFF5EC00D1F4ED /* Widget */,
				4C6A8A3324050A5500CC5217 /* DWGitHubUnitTest */,
			);
		};
/* End PBXProject section */

/* Begin PBXResourcesBuildPhase section */
		4C3E754823FFF5EC00D1F4ED /* Resources */ = {
			isa = PBXResourcesBuildPhase;
			buildActionMask = 2147483647;
			files = (
				4C3E755223FFF5ED00D1F4ED /* MainInterface.storyboard in Resources */,
			);
			runOnlyForDeploymentPostprocessing = 0;
		};
		4C45E34323B07F6A00A125E7 /* Resources */ = {
			isa = PBXResourcesBuildPhase;
			buildActionMask = 2147483647;
			files = (
				4C37F7D723FC39D3006202BB /* Localizable.strings in Resources */,
				4C4550CF23F4812700F35DB3 /* images.xcassets in Resources */,
				4C401A9623FA6D6B00CF78BD /* GoogleService-Info.plist in Resources */,
				4C45E35523B07F6A00A125E7 /* LaunchScreen.storyboard in Resources */,
				4C45E35223B07F6A00A125E7 /* Assets.xcassets in Resources */,
			);
			runOnlyForDeploymentPostprocessing = 0;
		};
		4C6A8A3224050A5500CC5217 /* Resources */ = {
			isa = PBXResourcesBuildPhase;
			buildActionMask = 2147483647;
			files = (
			);
			runOnlyForDeploymentPostprocessing = 0;
		};
/* End PBXResourcesBuildPhase section */

/* Begin PBXShellScriptBuildPhase section */
		0969778466DA34E4B135EB19 /* [CP] Check Pods Manifest.lock */ = {
			isa = PBXShellScriptBuildPhase;
			buildActionMask = 2147483647;
			files = (
			);
			inputFileListPaths = (
			);
			inputPaths = (
				"${PODS_PODFILE_DIR_PATH}/Podfile.lock",
				"${PODS_ROOT}/Manifest.lock",
			);
			name = "[CP] Check Pods Manifest.lock";
			outputFileListPaths = (
			);
			outputPaths = (
				"$(DERIVED_FILE_DIR)/Pods-DWGithub-checkManifestLockResult.txt",
			);
			runOnlyForDeploymentPostprocessing = 0;
			shellPath = /bin/sh;
			shellScript = "diff \"${PODS_PODFILE_DIR_PATH}/Podfile.lock\" \"${PODS_ROOT}/Manifest.lock\" > /dev/null\nif [ $? != 0 ] ; then\n    # print error to STDERR\n    echo \"error: The sandbox is not in sync with the Podfile.lock. Run 'pod install' or update your CocoaPods installation.\" >&2\n    exit 1\nfi\n# This output is used by Xcode 'outputs' to avoid re-running this script phase.\necho \"SUCCESS\" > \"${SCRIPT_OUTPUT_FILE_0}\"\n";
			showEnvVarsInLog = 0;
		};
		0C6FD78AB1026B81EA5C78D8 /* [CP] Check Pods Manifest.lock */ = {
			isa = PBXShellScriptBuildPhase;
			buildActionMask = 2147483647;
			files = (
			);
			inputFileListPaths = (
			);
			inputPaths = (
				"${PODS_PODFILE_DIR_PATH}/Podfile.lock",
				"${PODS_ROOT}/Manifest.lock",
			);
			name = "[CP] Check Pods Manifest.lock";
			outputFileListPaths = (
			);
			outputPaths = (
				"$(DERIVED_FILE_DIR)/Pods-Widget-checkManifestLockResult.txt",
			);
			runOnlyForDeploymentPostprocessing = 0;
			shellPath = /bin/sh;
			shellScript = "diff \"${PODS_PODFILE_DIR_PATH}/Podfile.lock\" \"${PODS_ROOT}/Manifest.lock\" > /dev/null\nif [ $? != 0 ] ; then\n    # print error to STDERR\n    echo \"error: The sandbox is not in sync with the Podfile.lock. Run 'pod install' or update your CocoaPods installation.\" >&2\n    exit 1\nfi\n# This output is used by Xcode 'outputs' to avoid re-running this script phase.\necho \"SUCCESS\" > \"${SCRIPT_OUTPUT_FILE_0}\"\n";
			showEnvVarsInLog = 0;
		};
		155E5B5661762EA39B035191 /* [CP] Check Pods Manifest.lock */ = {
			isa = PBXShellScriptBuildPhase;
			buildActionMask = 2147483647;
			files = (
			);
			inputFileListPaths = (
			);
			inputPaths = (
				"${PODS_PODFILE_DIR_PATH}/Podfile.lock",
				"${PODS_ROOT}/Manifest.lock",
			);
			name = "[CP] Check Pods Manifest.lock";
			outputFileListPaths = (
			);
			outputPaths = (
				"$(DERIVED_FILE_DIR)/Pods-DWGitHubUnitTest-checkManifestLockResult.txt",
			);
			runOnlyForDeploymentPostprocessing = 0;
			shellPath = /bin/sh;
			shellScript = "diff \"${PODS_PODFILE_DIR_PATH}/Podfile.lock\" \"${PODS_ROOT}/Manifest.lock\" > /dev/null\nif [ $? != 0 ] ; then\n    # print error to STDERR\n    echo \"error: The sandbox is not in sync with the Podfile.lock. Run 'pod install' or update your CocoaPods installation.\" >&2\n    exit 1\nfi\n# This output is used by Xcode 'outputs' to avoid re-running this script phase.\necho \"SUCCESS\" > \"${SCRIPT_OUTPUT_FILE_0}\"\n";
			showEnvVarsInLog = 0;
		};
		3A4F5539EE6B44DDF2B113E0 /* [CP] Embed Pods Frameworks */ = {
			isa = PBXShellScriptBuildPhase;
			buildActionMask = 2147483647;
			files = (
			);
			inputFileListPaths = (
				"${PODS_ROOT}/Target Support Files/Pods-DWGitHubUnitTest/Pods-DWGitHubUnitTest-frameworks-${CONFIGURATION}-input-files.xcfilelist",
			);
			name = "[CP] Embed Pods Frameworks";
			outputFileListPaths = (
				"${PODS_ROOT}/Target Support Files/Pods-DWGitHubUnitTest/Pods-DWGitHubUnitTest-frameworks-${CONFIGURATION}-output-files.xcfilelist",
			);
			runOnlyForDeploymentPostprocessing = 0;
			shellPath = /bin/sh;
			shellScript = "\"${PODS_ROOT}/Target Support Files/Pods-DWGitHubUnitTest/Pods-DWGitHubUnitTest-frameworks.sh\"\n";
			showEnvVarsInLog = 0;
		};
		4C401A9723FA723A00CF78BD /* Crashlytisc */ = {
			isa = PBXShellScriptBuildPhase;
			buildActionMask = 2147483647;
			files = (
			);
			inputFileListPaths = (
			);
			inputPaths = (
			);
			name = Crashlytisc;
			outputFileListPaths = (
			);
			outputPaths = (
			);
			runOnlyForDeploymentPostprocessing = 0;
			shellPath = /bin/sh;
			shellScript = "\"${PODS_ROOT}/Fabric/run\"\n";
		};
		4C45C5F323C2F0AB00F74EAB /* Swift Lint */ = {
			isa = PBXShellScriptBuildPhase;
			buildActionMask = 2147483647;
			files = (
			);
			inputFileListPaths = (
			);
			inputPaths = (
			);
			name = "Swift Lint";
			outputFileListPaths = (
			);
			outputPaths = (
			);
			runOnlyForDeploymentPostprocessing = 0;
			shellPath = /bin/sh;
			shellScript = "${PODS_ROOT}/SwiftLint/swiftlint\n";
		};
		4C45C60B23C304F800F74EAB /* License Plist */ = {
			isa = PBXShellScriptBuildPhase;
			buildActionMask = 2147483647;
			files = (
			);
			inputFileListPaths = (
			);
			inputPaths = (
			);
			name = "License Plist";
			outputFileListPaths = (
			);
			outputPaths = (
			);
			runOnlyForDeploymentPostprocessing = 0;
			shellPath = /bin/sh;
			shellScript = "if [ $CONFIGURATION = \"Debug\" ]; then\n${PODS_ROOT}/LicensePlist/license-plist --output-path $PRODUCT_NAME/Settings.bundle --github-token \"4725c5562b9969319069332227cc5e459f6b41b2\"\nfi\n";
		};
		7D238113EF4E6248FB521053 /* [CP] Embed Pods Frameworks */ = {
			isa = PBXShellScriptBuildPhase;
			buildActionMask = 2147483647;
			files = (
			);
			inputFileListPaths = (
				"${PODS_ROOT}/Target Support Files/Pods-DWGithub/Pods-DWGithub-frameworks-${CONFIGURATION}-input-files.xcfilelist",
			);
			name = "[CP] Embed Pods Frameworks";
			outputFileListPaths = (
				"${PODS_ROOT}/Target Support Files/Pods-DWGithub/Pods-DWGithub-frameworks-${CONFIGURATION}-output-files.xcfilelist",
			);
			runOnlyForDeploymentPostprocessing = 0;
			shellPath = /bin/sh;
			shellScript = "\"${PODS_ROOT}/Target Support Files/Pods-DWGithub/Pods-DWGithub-frameworks.sh\"\n";
			showEnvVarsInLog = 0;
		};
/* End PBXShellScriptBuildPhase section */

/* Begin PBXSourcesBuildPhase section */
		4C3E754623FFF5EC00D1F4ED /* Sources */ = {
			isa = PBXSourcesBuildPhase;
			buildActionMask = 2147483647;
			files = (
				4C35A1E1240055CB007CE4D5 /* ParsingContribution.swift in Sources */,
				4C6EB56E240120EF009D3085 /* GitHubContributionAPI.swift in Sources */,
				4C3E754F23FFF5ED00D1F4ED /* TodayViewController.swift in Sources */,
				4C6EB571240121D0009D3085 /* UIColor+Extension.swift in Sources */,
				4C35A1DE2400544E007CE4D5 /* GitHubService.swift in Sources */,
				4C3E755D23FFF81100D1F4ED /* TodayJandiCollectionViewCell.swift in Sources */,
			);
			runOnlyForDeploymentPostprocessing = 0;
		};
		4C45E34123B07F6A00A125E7 /* Sources */ = {
			isa = PBXSourcesBuildPhase;
			buildActionMask = 2147483647;
			files = (
				4C3BEBD923FE61800049D050 /* JandiCollectionHeaderView.swift in Sources */,
				4C45C5EA23C2E26800F74EAB /* UIColor+Extension.swift in Sources */,
				4C45C5FC23C2FCE800F74EAB /* SearchViewController.swift in Sources */,
				4C3BEBD223FE42D30049D050 /* JandiCollectionCell.swift in Sources */,
				4C45C5E823C2E25A00F74EAB /* UIFont+Extension.swift in Sources */,
				4C3C6A9723FD340800D00F2E /* FollowView.swift in Sources */,
				4C3C6A9523FD33F600D00F2E /* FollowViewController.swift in Sources */,
				4C7904A723F6E93F003A9338 /* Language.swift in Sources */,
				4C3E754323FFC5EB00D1F4ED /* ParsingContribution.swift in Sources */,
				4CEEB44D23ED411400C712A5 /* SearchModel.swift in Sources */,
				4C3CB0C723FA92690087A636 /* ContributionsYear.swift in Sources */,
				4C45C5E023C2E0BD00F74EAB /* SplashViewController.swift in Sources */,
				4C3BEBD723FE4D630049D050 /* JandiViewModel.swift in Sources */,
				4C42DF822401726500AA95B4 /* AppServiceUtils.swift in Sources */,
				4C37F7CB23FB9FCA006202BB /* MyPageViewController.swift in Sources */,
				4C45C60E23C3071A00F74EAB /* LoginViewController.swift in Sources */,
				4C45C60623C2FFB500F74EAB /* RepositoriesView.swift in Sources */,
				4C41E5C323F27BC000DDC181 /* RepositoriesModel.swift in Sources */,
				4C41E5C123F27BAD00DDC181 /* RepositoriesViewModel.swift in Sources */,
				4C6DB25823EAA41D007F15E5 /* SearchViewModel.swift in Sources */,
				4C41B08623C446A3001B8A0A /* GitHubViewModel.swift in Sources */,
				4C4033CA23C3839C0058A6AA /* GitHubLoginView.swift in Sources */,
				4C3CB0C523FA911B0087A636 /* Contributions.swift in Sources */,
				4C45C5FE23C2FCF700F74EAB /* RepositoriesViewController.swift in Sources */,
				4C3C6AA023FDD23100D00F2E /* FollowTableViewCell.swift in Sources */,
				4C3F670B23EAAFDD001E33FC /* Repositories.swift in Sources */,
				4C47401023E2D1BF007D02AA /* SearchTableViewCell.swift in Sources */,
				4C3CB0C923FAEF380087A636 /* ContributionsItem.swift in Sources */,
				4C3BEBD523FE4B920049D050 /* JadiCollectionDataSource.swift in Sources */,
				4C45C60023C2FCFF00F74EAB /* JandiViewController.swift in Sources */,
				4C3C6A9923FD343B00D00F2E /* FollowViewModel.swift in Sources */,
				4C45C61223C30B2A00F74EAB /* BaseNavigationController.swift in Sources */,
				4C45C60823C2FFCD00F74EAB /* JandiView.swift in Sources */,
				4C41B08423C4413D001B8A0A /* GitHubConstants.swift in Sources */,
				4C4550CC23F4600F00F35DB3 /* SettingTableViewCell.swift in Sources */,
				4C37F7D223FC390A006202BB /* String+Extension.swift in Sources */,
				4C41E5C523F27FE700DDC181 /* GitHubAPI.swift in Sources */,
				4C45C5E223C2E0D900F74EAB /* SplashView.swift in Sources */,
				4C37F7CD23FB9FE6006202BB /* MyPageView.swift in Sources */,
				4C4033C823C3838F0058A6AA /* GitHubLoginViewController.swift in Sources */,
				4C34F48A23F671500073AFF6 /* Define.swift in Sources */,
				4C45C61423C30B4900F74EAB /* BaseViewController.swift in Sources */,
				4C45C60A23C2FFE300F74EAB /* SettingView.swift in Sources */,
				4C63C39023D1972C0004CCF4 /* WKWebView+rx.swift in Sources */,
				4C5E8C4223F0E31F0061AE07 /* RepositoriesTableViewCell.swift in Sources */,
				4C45C60423C2FF7700F74EAB /* SearchView.swift in Sources */,
				4C34F48823F66A520073AFF6 /* UserInfo.swift in Sources */,
				4C47400D23E2B1BE007D02AA /* UIAlertController+Extension.swift in Sources */,
				4C3C6A9D23FDC40100D00F2E /* FollowModel.swift in Sources */,
				4C3CB0C323FA8B110087A636 /* GitHubContributionAPI.swift in Sources */,
				4C3BEBDB23FE6B8B0049D050 /* JandiContributionCollectionCell.swift in Sources */,
				4C45C60223C2FD0600F74EAB /* SettingViewController.swift in Sources */,
				4C45E34923B07F6A00A125E7 /* AppDelegate.swift in Sources */,
				4C3E754523FFD1A800D1F4ED /* JandiDetailCollectionCell.swift in Sources */,
				4C45C5E623C2E20F00F74EAB /* UIView+Extension.swift in Sources */,
				4C3F670D23EABBCB001E33FC /* RepositoriesItem.swift in Sources */,
				4C6DB25A23EAA5EA007F15E5 /* GitHubSearchRepositoriesAPI.swift in Sources */,
				4C45C61023C3072500F74EAB /* LoginView.swift in Sources */,
				4C41E5C723F2807F00DDC181 /* GitHubUserRepositoriesAPI.swift in Sources */,
				4C37F7D023FBA1F2006202BB /* MyPageTableViewCell.swift in Sources */,
				4C34F48523F544870073AFF6 /* GitHubUserAPI.swift in Sources */,
				4C3C6A9B23FDB8D700D00F2E /* AppService.swift in Sources */,
				4C3C961423EBE36E0001852E /* GitHubService.swift in Sources */,
				4C3C6A9223FD2DF400D00F2E /* Constants.swift in Sources */,
				4C3C6A8F23FCD25A00D00F2E /* UIUserInterfaceStyle+Extension.swift in Sources */,
				4C6B0A4A23B10A4400275077 /* MainTabBarController.swift in Sources */,
			);
			runOnlyForDeploymentPostprocessing = 0;
		};
		4C6A8A3024050A5500CC5217 /* Sources */ = {
			isa = PBXSourcesBuildPhase;
			buildActionMask = 2147483647;
			files = (
				4C6A8A3724050A5500CC5217 /* DWGitHubUnitTest.swift in Sources */,
			);
			runOnlyForDeploymentPostprocessing = 0;
		};
/* End PBXSourcesBuildPhase section */

/* Begin PBXTargetDependency section */
		4C3E755523FFF5ED00D1F4ED /* PBXTargetDependency */ = {
			isa = PBXTargetDependency;
			target = 4C3E754923FFF5EC00D1F4ED /* Widget */;
			targetProxy = 4C3E755423FFF5ED00D1F4ED /* PBXContainerItemProxy */;
		};
		4C6A8A3A24050A5500CC5217 /* PBXTargetDependency */ = {
			isa = PBXTargetDependency;
			target = 4C45E34423B07F6A00A125E7 /* DWGithub */;
			targetProxy = 4C6A8A3924050A5500CC5217 /* PBXContainerItemProxy */;
		};
/* End PBXTargetDependency section */

/* Begin PBXVariantGroup section */
		4C37F7D923FC39D3006202BB /* Localizable.strings */ = {
			isa = PBXVariantGroup;
			children = (
				4C37F7D823FC39D3006202BB /* en */,
				4C37F7DA23FC39D4006202BB /* ko */,
			);
			name = Localizable.strings;
			sourceTree = "<group>";
		};
		4C3E755023FFF5ED00D1F4ED /* MainInterface.storyboard */ = {
			isa = PBXVariantGroup;
			children = (
				4C3E755123FFF5ED00D1F4ED /* Base */,
			);
			name = MainInterface.storyboard;
			sourceTree = "<group>";
		};
		4C45E35323B07F6A00A125E7 /* LaunchScreen.storyboard */ = {
			isa = PBXVariantGroup;
			children = (
				4C45E35423B07F6A00A125E7 /* Base */,
				4C37F7D423FC399F006202BB /* ko */,
			);
			name = LaunchScreen.storyboard;
			sourceTree = "<group>";
		};
/* End PBXVariantGroup section */

/* Begin XCBuildConfiguration section */
		4C3E755823FFF5ED00D1F4ED /* Debug */ = {
			isa = XCBuildConfiguration;
			baseConfigurationReference = 03B4ADC5F2FC494686AC8A02 /* Pods-Widget.debug.xcconfig */;
			buildSettings = {
				CODE_SIGN_ENTITLEMENTS = Widget/widget.entitlements;
				CODE_SIGN_STYLE = Automatic;
				DEVELOPMENT_TEAM = R42JW2NS5S;
				INFOPLIST_FILE = Widget/Info.plist;
				LD_RUNPATH_SEARCH_PATHS = (
					"$(inherited)",
					"@executable_path/Frameworks",
					"@executable_path/../../Frameworks",
				);
				PRODUCT_BUNDLE_IDENTIFIER = com.kodaewon.DWGithub.Widget;
				PRODUCT_NAME = widget;
				SKIP_INSTALL = YES;
				SWIFT_VERSION = 5.0;
				TARGETED_DEVICE_FAMILY = "1,2";
			};
			name = Debug;
		};
		4C3E755923FFF5ED00D1F4ED /* Release */ = {
			isa = XCBuildConfiguration;
			baseConfigurationReference = AA63B7CBDDCB3CA62C17FA99 /* Pods-Widget.release.xcconfig */;
			buildSettings = {
				CODE_SIGN_ENTITLEMENTS = Widget/widget.entitlements;
				CODE_SIGN_STYLE = Automatic;
				DEVELOPMENT_TEAM = R42JW2NS5S;
				INFOPLIST_FILE = Widget/Info.plist;
				LD_RUNPATH_SEARCH_PATHS = (
					"$(inherited)",
					"@executable_path/Frameworks",
					"@executable_path/../../Frameworks",
				);
				PRODUCT_BUNDLE_IDENTIFIER = com.kodaewon.DWGithub.Widget;
				PRODUCT_NAME = widget;
				SKIP_INSTALL = YES;
				SWIFT_VERSION = 5.0;
				TARGETED_DEVICE_FAMILY = "1,2";
			};
			name = Release;
		};
		4C45E36D23B07F6A00A125E7 /* Debug */ = {
			isa = XCBuildConfiguration;
			buildSettings = {
				ALWAYS_SEARCH_USER_PATHS = NO;
				CLANG_ANALYZER_LOCALIZABILITY_NONLOCALIZED = YES;
				CLANG_ANALYZER_NONNULL = YES;
				CLANG_ANALYZER_NUMBER_OBJECT_CONVERSION = YES_AGGRESSIVE;
				CLANG_CXX_LANGUAGE_STANDARD = "gnu++14";
				CLANG_CXX_LIBRARY = "libc++";
				CLANG_ENABLE_MODULES = YES;
				CLANG_ENABLE_OBJC_ARC = YES;
				CLANG_ENABLE_OBJC_WEAK = YES;
				CLANG_WARN_BLOCK_CAPTURE_AUTORELEASING = YES;
				CLANG_WARN_BOOL_CONVERSION = YES;
				CLANG_WARN_COMMA = YES;
				CLANG_WARN_CONSTANT_CONVERSION = YES;
				CLANG_WARN_DEPRECATED_OBJC_IMPLEMENTATIONS = YES;
				CLANG_WARN_DIRECT_OBJC_ISA_USAGE = YES_ERROR;
				CLANG_WARN_DOCUMENTATION_COMMENTS = YES;
				CLANG_WARN_EMPTY_BODY = YES;
				CLANG_WARN_ENUM_CONVERSION = YES;
				CLANG_WARN_INFINITE_RECURSION = YES;
				CLANG_WARN_INT_CONVERSION = YES;
				CLANG_WARN_NON_LITERAL_NULL_CONVERSION = YES;
				CLANG_WARN_OBJC_IMPLICIT_RETAIN_SELF = YES;
				CLANG_WARN_OBJC_LITERAL_CONVERSION = YES;
				CLANG_WARN_OBJC_ROOT_CLASS = YES_ERROR;
				CLANG_WARN_RANGE_LOOP_ANALYSIS = YES;
				CLANG_WARN_STRICT_PROTOTYPES = YES;
				CLANG_WARN_SUSPICIOUS_MOVE = YES;
				CLANG_WARN_UNGUARDED_AVAILABILITY = YES_AGGRESSIVE;
				CLANG_WARN_UNREACHABLE_CODE = YES;
				CLANG_WARN__DUPLICATE_METHOD_MATCH = YES;
				COPY_PHASE_STRIP = NO;
				DEBUG_INFORMATION_FORMAT = dwarf;
				ENABLE_STRICT_OBJC_MSGSEND = YES;
				ENABLE_TESTABILITY = YES;
				GCC_C_LANGUAGE_STANDARD = gnu11;
				GCC_DYNAMIC_NO_PIC = NO;
				GCC_NO_COMMON_BLOCKS = YES;
				GCC_OPTIMIZATION_LEVEL = 0;
				GCC_PREPROCESSOR_DEFINITIONS = (
					"DEBUG=1",
					"$(inherited)",
				);
				GCC_WARN_64_TO_32_BIT_CONVERSION = YES;
				GCC_WARN_ABOUT_RETURN_TYPE = YES_ERROR;
				GCC_WARN_UNDECLARED_SELECTOR = YES;
				GCC_WARN_UNINITIALIZED_AUTOS = YES_AGGRESSIVE;
				GCC_WARN_UNUSED_FUNCTION = YES;
				GCC_WARN_UNUSED_VARIABLE = YES;
				IPHONEOS_DEPLOYMENT_TARGET = 13.2;
				MTL_ENABLE_DEBUG_INFO = INCLUDE_SOURCE;
				MTL_FAST_MATH = YES;
				ONLY_ACTIVE_ARCH = YES;
				SDKROOT = iphoneos;
				SWIFT_ACTIVE_COMPILATION_CONDITIONS = DEBUG;
				SWIFT_OPTIMIZATION_LEVEL = "-Onone";
			};
			name = Debug;
		};
		4C45E36E23B07F6A00A125E7 /* Release */ = {
			isa = XCBuildConfiguration;
			buildSettings = {
				ALWAYS_SEARCH_USER_PATHS = NO;
				CLANG_ANALYZER_LOCALIZABILITY_NONLOCALIZED = YES;
				CLANG_ANALYZER_NONNULL = YES;
				CLANG_ANALYZER_NUMBER_OBJECT_CONVERSION = YES_AGGRESSIVE;
				CLANG_CXX_LANGUAGE_STANDARD = "gnu++14";
				CLANG_CXX_LIBRARY = "libc++";
				CLANG_ENABLE_MODULES = YES;
				CLANG_ENABLE_OBJC_ARC = YES;
				CLANG_ENABLE_OBJC_WEAK = YES;
				CLANG_WARN_BLOCK_CAPTURE_AUTORELEASING = YES;
				CLANG_WARN_BOOL_CONVERSION = YES;
				CLANG_WARN_COMMA = YES;
				CLANG_WARN_CONSTANT_CONVERSION = YES;
				CLANG_WARN_DEPRECATED_OBJC_IMPLEMENTATIONS = YES;
				CLANG_WARN_DIRECT_OBJC_ISA_USAGE = YES_ERROR;
				CLANG_WARN_DOCUMENTATION_COMMENTS = YES;
				CLANG_WARN_EMPTY_BODY = YES;
				CLANG_WARN_ENUM_CONVERSION = YES;
				CLANG_WARN_INFINITE_RECURSION = YES;
				CLANG_WARN_INT_CONVERSION = YES;
				CLANG_WARN_NON_LITERAL_NULL_CONVERSION = YES;
				CLANG_WARN_OBJC_IMPLICIT_RETAIN_SELF = YES;
				CLANG_WARN_OBJC_LITERAL_CONVERSION = YES;
				CLANG_WARN_OBJC_ROOT_CLASS = YES_ERROR;
				CLANG_WARN_RANGE_LOOP_ANALYSIS = YES;
				CLANG_WARN_STRICT_PROTOTYPES = YES;
				CLANG_WARN_SUSPICIOUS_MOVE = YES;
				CLANG_WARN_UNGUARDED_AVAILABILITY = YES_AGGRESSIVE;
				CLANG_WARN_UNREACHABLE_CODE = YES;
				CLANG_WARN__DUPLICATE_METHOD_MATCH = YES;
				COPY_PHASE_STRIP = NO;
				DEBUG_INFORMATION_FORMAT = "dwarf-with-dsym";
				ENABLE_NS_ASSERTIONS = NO;
				ENABLE_STRICT_OBJC_MSGSEND = YES;
				GCC_C_LANGUAGE_STANDARD = gnu11;
				GCC_NO_COMMON_BLOCKS = YES;
				GCC_WARN_64_TO_32_BIT_CONVERSION = YES;
				GCC_WARN_ABOUT_RETURN_TYPE = YES_ERROR;
				GCC_WARN_UNDECLARED_SELECTOR = YES;
				GCC_WARN_UNINITIALIZED_AUTOS = YES_AGGRESSIVE;
				GCC_WARN_UNUSED_FUNCTION = YES;
				GCC_WARN_UNUSED_VARIABLE = YES;
				IPHONEOS_DEPLOYMENT_TARGET = 13.2;
				MTL_ENABLE_DEBUG_INFO = NO;
				MTL_FAST_MATH = YES;
				SDKROOT = iphoneos;
				SWIFT_COMPILATION_MODE = wholemodule;
				SWIFT_OPTIMIZATION_LEVEL = "-O";
				VALIDATE_PRODUCT = YES;
			};
			name = Release;
		};
		4C45E37023B07F6A00A125E7 /* Debug */ = {
			isa = XCBuildConfiguration;
			baseConfigurationReference = BD5BD01347843D0FA34CF194 /* Pods-DWGithub.debug.xcconfig */;
			buildSettings = {
				ALWAYS_EMBED_SWIFT_STANDARD_LIBRARIES = YES;
				ASSETCATALOG_COMPILER_APPICON_NAME = AppIcon;
				CODE_SIGN_ENTITLEMENTS = "DWGithub/나만의 깃헙.entitlements";
				CODE_SIGN_STYLE = Automatic;
				DEVELOPMENT_TEAM = R42JW2NS5S;
				INFOPLIST_FILE = DWGithub/Info.plist;
				IPHONEOS_DEPLOYMENT_TARGET = 11.0;
				LD_RUNPATH_SEARCH_PATHS = (
					"$(inherited)",
					"@executable_path/Frameworks",
				);
				LIBRARY_SEARCH_PATHS = "$(inherited)";
				PRODUCT_BUNDLE_IDENTIFIER = com.kodaewon.DWGithub;
				PRODUCT_NAME = DWGitHub;
				SWIFT_VERSION = 5.0;
				TARGETED_DEVICE_FAMILY = "1,2";
			};
			name = Debug;
		};
		4C45E37123B07F6A00A125E7 /* Release */ = {
			isa = XCBuildConfiguration;
			baseConfigurationReference = 0E11CDEC755449D416D6E039 /* Pods-DWGithub.release.xcconfig */;
			buildSettings = {
				ALWAYS_EMBED_SWIFT_STANDARD_LIBRARIES = YES;
				ASSETCATALOG_COMPILER_APPICON_NAME = AppIcon;
				CODE_SIGN_ENTITLEMENTS = "DWGithub/나만의 깃헙.entitlements";
				CODE_SIGN_STYLE = Automatic;
				DEVELOPMENT_TEAM = R42JW2NS5S;
				INFOPLIST_FILE = DWGithub/Info.plist;
				IPHONEOS_DEPLOYMENT_TARGET = 11.0;
				LD_RUNPATH_SEARCH_PATHS = (
					"$(inherited)",
					"@executable_path/Frameworks",
				);
				LIBRARY_SEARCH_PATHS = "$(inherited)";
				PRODUCT_BUNDLE_IDENTIFIER = com.kodaewon.DWGithub;
				PRODUCT_NAME = DWGitHub;
				SWIFT_VERSION = 5.0;
				TARGETED_DEVICE_FAMILY = "1,2";
			};
			name = Release;
		};
		4C6A8A3C24050A5500CC5217 /* Debug */ = {
			isa = XCBuildConfiguration;
			baseConfigurationReference = 0F1505824272A9E18163F21D /* Pods-DWGitHubUnitTest.debug.xcconfig */;
			buildSettings = {
				BUNDLE_LOADER = "$(TEST_HOST)";
				CODE_SIGN_STYLE = Automatic;
				INFOPLIST_FILE = DWGitHubUnitTest/Info.plist;
				LD_RUNPATH_SEARCH_PATHS = (
					"$(inherited)",
					"@executable_path/Frameworks",
					"@loader_path/Frameworks",
				);
				PRODUCT_BUNDLE_IDENTIFIER = com.kodaewon.DWGitHubUnitTest;
				PRODUCT_NAME = "$(TARGET_NAME)";
				SWIFT_VERSION = 5.0;
				TARGETED_DEVICE_FAMILY = "1,2";
				TEST_HOST = "$(BUILT_PRODUCTS_DIR)/DWGitHub.app/DWGitHub";
			};
			name = Debug;
		};
		4C6A8A3D24050A5500CC5217 /* Release */ = {
			isa = XCBuildConfiguration;
			baseConfigurationReference = 14DA53AB091F6FC790B080D7 /* Pods-DWGitHubUnitTest.release.xcconfig */;
			buildSettings = {
				BUNDLE_LOADER = "$(TEST_HOST)";
				CODE_SIGN_STYLE = Automatic;
				INFOPLIST_FILE = DWGitHubUnitTest/Info.plist;
				LD_RUNPATH_SEARCH_PATHS = (
					"$(inherited)",
					"@executable_path/Frameworks",
					"@loader_path/Frameworks",
				);
				PRODUCT_BUNDLE_IDENTIFIER = com.kodaewon.DWGitHubUnitTest;
				PRODUCT_NAME = "$(TARGET_NAME)";
				SWIFT_VERSION = 5.0;
				TARGETED_DEVICE_FAMILY = "1,2";
				TEST_HOST = "$(BUILT_PRODUCTS_DIR)/DWGitHub.app/DWGitHub";
			};
			name = Release;
		};
/* End XCBuildConfiguration section */

/* Begin XCConfigurationList section */
		4C3E755723FFF5ED00D1F4ED /* Build configuration list for PBXNativeTarget "Widget" */ = {
			isa = XCConfigurationList;
			buildConfigurations = (
				4C3E755823FFF5ED00D1F4ED /* Debug */,
				4C3E755923FFF5ED00D1F4ED /* Release */,
			);
			defaultConfigurationIsVisible = 0;
			defaultConfigurationName = Release;
		};
		4C45E34023B07F6A00A125E7 /* Build configuration list for PBXProject "DWGithub" */ = {
			isa = XCConfigurationList;
			buildConfigurations = (
				4C45E36D23B07F6A00A125E7 /* Debug */,
				4C45E36E23B07F6A00A125E7 /* Release */,
			);
			defaultConfigurationIsVisible = 0;
			defaultConfigurationName = Release;
		};
		4C45E36F23B07F6A00A125E7 /* Build configuration list for PBXNativeTarget "DWGithub" */ = {
			isa = XCConfigurationList;
			buildConfigurations = (
				4C45E37023B07F6A00A125E7 /* Debug */,
				4C45E37123B07F6A00A125E7 /* Release */,
			);
			defaultConfigurationIsVisible = 0;
			defaultConfigurationName = Release;
		};
		4C6A8A3B24050A5500CC5217 /* Build configuration list for PBXNativeTarget "DWGitHubUnitTest" */ = {
			isa = XCConfigurationList;
			buildConfigurations = (
				4C6A8A3C24050A5500CC5217 /* Debug */,
				4C6A8A3D24050A5500CC5217 /* Release */,
			);
			defaultConfigurationIsVisible = 0;
			defaultConfigurationName = Release;
		};
/* End XCConfigurationList section */
	};
	rootObject = 4C45E33D23B07F6A00A125E7 /* Project object */;
}
