// !$*UTF8*$!
{
	archiveVersion = 1;
	classes = {
	};
	objectVersion = 50;
	objects = {

/* Begin PBXBuildFile section */
		4C45E34923B07F6A00A125E7 /* AppDelegate.swift in Sources */ = {isa = PBXBuildFile; fileRef = 4C45E34823B07F6A00A125E7 /* AppDelegate.swift */; };
		4C45E34B23B07F6A00A125E7 /* SceneDelegate.swift in Sources */ = {isa = PBXBuildFile; fileRef = 4C45E34A23B07F6A00A125E7 /* SceneDelegate.swift */; };
		4C45E34D23B07F6A00A125E7 /* ViewController.swift in Sources */ = {isa = PBXBuildFile; fileRef = 4C45E34C23B07F6A00A125E7 /* ViewController.swift */; };
		4C45E35023B07F6A00A125E7 /* Main.storyboard in Resources */ = {isa = PBXBuildFile; fileRef = 4C45E34E23B07F6A00A125E7 /* Main.storyboard */; };
		4C45E35223B07F6A00A125E7 /* Assets.xcassets in Resources */ = {isa = PBXBuildFile; fileRef = 4C45E35123B07F6A00A125E7 /* Assets.xcassets */; };
		4C45E35523B07F6A00A125E7 /* LaunchScreen.storyboard in Resources */ = {isa = PBXBuildFile; fileRef = 4C45E35323B07F6A00A125E7 /* LaunchScreen.storyboard */; };
		4C45E36023B07F6A00A125E7 /* DWGithubTests.swift in Sources */ = {isa = PBXBuildFile; fileRef = 4C45E35F23B07F6A00A125E7 /* DWGithubTests.swift */; };
		4C45E36B23B07F6A00A125E7 /* DWGithubUITests.swift in Sources */ = {isa = PBXBuildFile; fileRef = 4C45E36A23B07F6A00A125E7 /* DWGithubUITests.swift */; };
/* End PBXBuildFile section */

/* Begin PBXContainerItemProxy section */
		4C45E35C23B07F6A00A125E7 /* PBXContainerItemProxy */ = {
			isa = PBXContainerItemProxy;
			containerPortal = 4C45E33D23B07F6A00A125E7 /* Project object */;
			proxyType = 1;
			remoteGlobalIDString = 4C45E34423B07F6A00A125E7;
			remoteInfo = DWGithub;
		};
		4C45E36723B07F6A00A125E7 /* PBXContainerItemProxy */ = {
			isa = PBXContainerItemProxy;
			containerPortal = 4C45E33D23B07F6A00A125E7 /* Project object */;
			proxyType = 1;
			remoteGlobalIDString = 4C45E34423B07F6A00A125E7;
			remoteInfo = DWGithub;
		};
/* End PBXContainerItemProxy section */

/* Begin PBXFileReference section */
		4C45E34523B07F6A00A125E7 /* DWGithub.app */ = {isa = PBXFileReference; explicitFileType = wrapper.application; includeInIndex = 0; path = DWGithub.app; sourceTree = BUILT_PRODUCTS_DIR; };
		4C45E34823B07F6A00A125E7 /* AppDelegate.swift */ = {isa = PBXFileReference; lastKnownFileType = sourcecode.swift; path = AppDelegate.swift; sourceTree = "<group>"; };
		4C45E34A23B07F6A00A125E7 /* SceneDelegate.swift */ = {isa = PBXFileReference; lastKnownFileType = sourcecode.swift; path = SceneDelegate.swift; sourceTree = "<group>"; };
		4C45E34C23B07F6A00A125E7 /* ViewController.swift */ = {isa = PBXFileReference; lastKnownFileType = sourcecode.swift; path = ViewController.swift; sourceTree = "<group>"; };
		4C45E34F23B07F6A00A125E7 /* Base */ = {isa = PBXFileReference; lastKnownFileType = file.storyboard; name = Base; path = Base.lproj/Main.storyboard; sourceTree = "<group>"; };
		4C45E35123B07F6A00A125E7 /* Assets.xcassets */ = {isa = PBXFileReference; lastKnownFileType = folder.assetcatalog; path = Assets.xcassets; sourceTree = "<group>"; };
		4C45E35423B07F6A00A125E7 /* Base */ = {isa = PBXFileReference; lastKnownFileType = file.storyboard; name = Base; path = Base.lproj/LaunchScreen.storyboard; sourceTree = "<group>"; };
		4C45E35623B07F6A00A125E7 /* Info.plist */ = {isa = PBXFileReference; lastKnownFileType = text.plist.xml; path = Info.plist; sourceTree = "<group>"; };
		4C45E35B23B07F6A00A125E7 /* DWGithubTests.xctest */ = {isa = PBXFileReference; explicitFileType = wrapper.cfbundle; includeInIndex = 0; path = DWGithubTests.xctest; sourceTree = BUILT_PRODUCTS_DIR; };
		4C45E35F23B07F6A00A125E7 /* DWGithubTests.swift */ = {isa = PBXFileReference; lastKnownFileType = sourcecode.swift; path = DWGithubTests.swift; sourceTree = "<group>"; };
		4C45E36123B07F6A00A125E7 /* Info.plist */ = {isa = PBXFileReference; lastKnownFileType = text.plist.xml; path = Info.plist; sourceTree = "<group>"; };
		4C45E36623B07F6A00A125E7 /* DWGithubUITests.xctest */ = {isa = PBXFileReference; explicitFileType = wrapper.cfbundle; includeInIndex = 0; path = DWGithubUITests.xctest; sourceTree = BUILT_PRODUCTS_DIR; };
		4C45E36A23B07F6A00A125E7 /* DWGithubUITests.swift */ = {isa = PBXFileReference; lastKnownFileType = sourcecode.swift; path = DWGithubUITests.swift; sourceTree = "<group>"; };
		4C45E36C23B07F6A00A125E7 /* Info.plist */ = {isa = PBXFileReference; lastKnownFileType = text.plist.xml; path = Info.plist; sourceTree = "<group>"; };
/* End PBXFileReference section */

/* Begin PBXFrameworksBuildPhase section */
		4C45E34223B07F6A00A125E7 /* Frameworks */ = {
			isa = PBXFrameworksBuildPhase;
			buildActionMask = 2147483647;
			files = (
			);
			runOnlyForDeploymentPostprocessing = 0;
		};
		4C45E35823B07F6A00A125E7 /* Frameworks */ = {
			isa = PBXFrameworksBuildPhase;
			buildActionMask = 2147483647;
			files = (
			);
			runOnlyForDeploymentPostprocessing = 0;
		};
		4C45E36323B07F6A00A125E7 /* Frameworks */ = {
			isa = PBXFrameworksBuildPhase;
			buildActionMask = 2147483647;
			files = (
			);
			runOnlyForDeploymentPostprocessing = 0;
		};
/* End PBXFrameworksBuildPhase section */

/* Begin PBXGroup section */
		4C45E33C23B07F6A00A125E7 = {
			isa = PBXGroup;
			children = (
				4C45E34723B07F6A00A125E7 /* DWGithub */,
				4C45E35E23B07F6A00A125E7 /* DWGithubTests */,
				4C45E36923B07F6A00A125E7 /* DWGithubUITests */,
				4C45E34623B07F6A00A125E7 /* Products */,
			);
			sourceTree = "<group>";
		};
		4C45E34623B07F6A00A125E7 /* Products */ = {
			isa = PBXGroup;
			children = (
				4C45E34523B07F6A00A125E7 /* DWGithub.app */,
				4C45E35B23B07F6A00A125E7 /* DWGithubTests.xctest */,
				4C45E36623B07F6A00A125E7 /* DWGithubUITests.xctest */,
			);
			name = Products;
			sourceTree = "<group>";
		};
		4C45E34723B07F6A00A125E7 /* DWGithub */ = {
			isa = PBXGroup;
			children = (
				4C45E34823B07F6A00A125E7 /* AppDelegate.swift */,
				4C45E34A23B07F6A00A125E7 /* SceneDelegate.swift */,
				4C45E34C23B07F6A00A125E7 /* ViewController.swift */,
				4C45E34E23B07F6A00A125E7 /* Main.storyboard */,
				4C45E35123B07F6A00A125E7 /* Assets.xcassets */,
				4C45E35323B07F6A00A125E7 /* LaunchScreen.storyboard */,
				4C45E35623B07F6A00A125E7 /* Info.plist */,
			);
			path = DWGithub;
			sourceTree = "<group>";
		};
		4C45E35E23B07F6A00A125E7 /* DWGithubTests */ = {
			isa = PBXGroup;
			children = (
				4C45E35F23B07F6A00A125E7 /* DWGithubTests.swift */,
				4C45E36123B07F6A00A125E7 /* Info.plist */,
			);
			path = DWGithubTests;
			sourceTree = "<group>";
		};
		4C45E36923B07F6A00A125E7 /* DWGithubUITests */ = {
			isa = PBXGroup;
			children = (
				4C45E36A23B07F6A00A125E7 /* DWGithubUITests.swift */,
				4C45E36C23B07F6A00A125E7 /* Info.plist */,
			);
			path = DWGithubUITests;
			sourceTree = "<group>";
		};
/* End PBXGroup section */

/* Begin PBXNativeTarget section */
		4C45E34423B07F6A00A125E7 /* DWGithub */ = {
			isa = PBXNativeTarget;
			buildConfigurationList = 4C45E36F23B07F6A00A125E7 /* Build configuration list for PBXNativeTarget "DWGithub" */;
			buildPhases = (
				4C45E34123B07F6A00A125E7 /* Sources */,
				4C45E34223B07F6A00A125E7 /* Frameworks */,
				4C45E34323B07F6A00A125E7 /* Resources */,
			);
			buildRules = (
			);
			dependencies = (
			);
			name = DWGithub;
			productName = DWGithub;
			productReference = 4C45E34523B07F6A00A125E7 /* DWGithub.app */;
			productType = "com.apple.product-type.application";
		};
		4C45E35A23B07F6A00A125E7 /* DWGithubTests */ = {
			isa = PBXNativeTarget;
			buildConfigurationList = 4C45E37223B07F6A00A125E7 /* Build configuration list for PBXNativeTarget "DWGithubTests" */;
			buildPhases = (
				4C45E35723B07F6A00A125E7 /* Sources */,
				4C45E35823B07F6A00A125E7 /* Frameworks */,
				4C45E35923B07F6A00A125E7 /* Resources */,
			);
			buildRules = (
			);
			dependencies = (
				4C45E35D23B07F6A00A125E7 /* PBXTargetDependency */,
			);
			name = DWGithubTests;
			productName = DWGithubTests;
			productReference = 4C45E35B23B07F6A00A125E7 /* DWGithubTests.xctest */;
			productType = "com.apple.product-type.bundle.unit-test";
		};
		4C45E36523B07F6A00A125E7 /* DWGithubUITests */ = {
			isa = PBXNativeTarget;
			buildConfigurationList = 4C45E37523B07F6A00A125E7 /* Build configuration list for PBXNativeTarget "DWGithubUITests" */;
			buildPhases = (
				4C45E36223B07F6A00A125E7 /* Sources */,
				4C45E36323B07F6A00A125E7 /* Frameworks */,
				4C45E36423B07F6A00A125E7 /* Resources */,
			);
			buildRules = (
			);
			dependencies = (
				4C45E36823B07F6A00A125E7 /* PBXTargetDependency */,
			);
			name = DWGithubUITests;
			productName = DWGithubUITests;
			productReference = 4C45E36623B07F6A00A125E7 /* DWGithubUITests.xctest */;
			productType = "com.apple.product-type.bundle.ui-testing";
		};
/* End PBXNativeTarget section */

/* Begin PBXProject section */
		4C45E33D23B07F6A00A125E7 /* Project object */ = {
			isa = PBXProject;
			attributes = {
				LastSwiftUpdateCheck = 1130;
				LastUpgradeCheck = 1130;
				ORGANIZATIONNAME = "고대원";
				TargetAttributes = {
					4C45E34423B07F6A00A125E7 = {
						CreatedOnToolsVersion = 11.3;
					};
					4C45E35A23B07F6A00A125E7 = {
						CreatedOnToolsVersion = 11.3;
						TestTargetID = 4C45E34423B07F6A00A125E7;
					};
					4C45E36523B07F6A00A125E7 = {
						CreatedOnToolsVersion = 11.3;
						TestTargetID = 4C45E34423B07F6A00A125E7;
					};
				};
			};
			buildConfigurationList = 4C45E34023B07F6A00A125E7 /* Build configuration list for PBXProject "DWGithub" */;
			compatibilityVersion = "Xcode 9.3";
			developmentRegion = en;
			hasScannedForEncodings = 0;
			knownRegions = (
				en,
				Base,
			);
			mainGroup = 4C45E33C23B07F6A00A125E7;
			productRefGroup = 4C45E34623B07F6A00A125E7 /* Products */;
			projectDirPath = "";
			projectRoot = "";
			targets = (
				4C45E34423B07F6A00A125E7 /* DWGithub */,
				4C45E35A23B07F6A00A125E7 /* DWGithubTests */,
				4C45E36523B07F6A00A125E7 /* DWGithubUITests */,
			);
		};
/* End PBXProject section */

/* Begin PBXResourcesBuildPhase section */
		4C45E34323B07F6A00A125E7 /* Resources */ = {
			isa = PBXResourcesBuildPhase;
			buildActionMask = 2147483647;
			files = (
				4C45E35523B07F6A00A125E7 /* LaunchScreen.storyboard in Resources */,
				4C45E35223B07F6A00A125E7 /* Assets.xcassets in Resources */,
				4C45E35023B07F6A00A125E7 /* Main.storyboard in Resources */,
			);
			runOnlyForDeploymentPostprocessing = 0;
		};
		4C45E35923B07F6A00A125E7 /* Resources */ = {
			isa = PBXResourcesBuildPhase;
			buildActionMask = 2147483647;
			files = (
			);
			runOnlyForDeploymentPostprocessing = 0;
		};
		4C45E36423B07F6A00A125E7 /* Resources */ = {
			isa = PBXResourcesBuildPhase;
			buildActionMask = 2147483647;
			files = (
			);
			runOnlyForDeploymentPostprocessing = 0;
		};
/* End PBXResourcesBuildPhase section */

/* Begin PBXSourcesBuildPhase section */
		4C45E34123B07F6A00A125E7 /* Sources */ = {
			isa = PBXSourcesBuildPhase;
			buildActionMask = 2147483647;
			files = (
				4C45E34D23B07F6A00A125E7 /* ViewController.swift in Sources */,
				4C45E34923B07F6A00A125E7 /* AppDelegate.swift in Sources */,
				4C45E34B23B07F6A00A125E7 /* SceneDelegate.swift in Sources */,
			);
			runOnlyForDeploymentPostprocessing = 0;
		};
		4C45E35723B07F6A00A125E7 /* Sources */ = {
			isa = PBXSourcesBuildPhase;
			buildActionMask = 2147483647;
			files = (
				4C45E36023B07F6A00A125E7 /* DWGithubTests.swift in Sources */,
			);
			runOnlyForDeploymentPostprocessing = 0;
		};
		4C45E36223B07F6A00A125E7 /* Sources */ = {
			isa = PBXSourcesBuildPhase;
			buildActionMask = 2147483647;
			files = (
				4C45E36B23B07F6A00A125E7 /* DWGithubUITests.swift in Sources */,
			);
			runOnlyForDeploymentPostprocessing = 0;
		};
/* End PBXSourcesBuildPhase section */

/* Begin PBXTargetDependency section */
		4C45E35D23B07F6A00A125E7 /* PBXTargetDependency */ = {
			isa = PBXTargetDependency;
			target = 4C45E34423B07F6A00A125E7 /* DWGithub */;
			targetProxy = 4C45E35C23B07F6A00A125E7 /* PBXContainerItemProxy */;
		};
		4C45E36823B07F6A00A125E7 /* PBXTargetDependency */ = {
			isa = PBXTargetDependency;
			target = 4C45E34423B07F6A00A125E7 /* DWGithub */;
			targetProxy = 4C45E36723B07F6A00A125E7 /* PBXContainerItemProxy */;
		};
/* End PBXTargetDependency section */

/* Begin PBXVariantGroup section */
		4C45E34E23B07F6A00A125E7 /* Main.storyboard */ = {
			isa = PBXVariantGroup;
			children = (
				4C45E34F23B07F6A00A125E7 /* Base */,
			);
			name = Main.storyboard;
			sourceTree = "<group>";
		};
		4C45E35323B07F6A00A125E7 /* LaunchScreen.storyboard */ = {
			isa = PBXVariantGroup;
			children = (
				4C45E35423B07F6A00A125E7 /* Base */,
			);
			name = LaunchScreen.storyboard;
			sourceTree = "<group>";
		};
/* End PBXVariantGroup section */

/* Begin XCBuildConfiguration section */
		4C45E36D23B07F6A00A125E7 /* Debug */ = {
			isa = XCBuildConfiguration;
			buildSettings = {
				ALWAYS_SEARCH_USER_PATHS = NO;
				CLANG_ANALYZER_NONNULL = YES;
				CLANG_ANALYZER_NUMBER_OBJECT_CONVERSION = YES_AGGRESSIVE;
				CLANG_CXX_LANGUAGE_STANDARD = "gnu++14";
				CLANG_CXX_LIBRARY = "libc++";
				CLANG_ENABLE_MODULES = YES;
				CLANG_ENABLE_OBJC_ARC = YES;
				CLANG_ENABLE_OBJC_WEAK = YES;
				CLANG_WARN_BLOCK_CAPTURE_AUTORELEASING = YES;
				CLANG_WARN_BOOL_CONVERSION = YES;
				CLANG_WARN_COMMA = YES;
				CLANG_WARN_CONSTANT_CONVERSION = YES;
				CLANG_WARN_DEPRECATED_OBJC_IMPLEMENTATIONS = YES;
				CLANG_WARN_DIRECT_OBJC_ISA_USAGE = YES_ERROR;
				CLANG_WARN_DOCUMENTATION_COMMENTS = YES;
				CLANG_WARN_EMPTY_BODY = YES;
				CLANG_WARN_ENUM_CONVERSION = YES;
				CLANG_WARN_INFINITE_RECURSION = YES;
				CLANG_WARN_INT_CONVERSION = YES;
				CLANG_WARN_NON_LITERAL_NULL_CONVERSION = YES;
				CLANG_WARN_OBJC_IMPLICIT_RETAIN_SELF = YES;
				CLANG_WARN_OBJC_LITERAL_CONVERSION = YES;
				CLANG_WARN_OBJC_ROOT_CLASS = YES_ERROR;
				CLANG_WARN_RANGE_LOOP_ANALYSIS = YES;
				CLANG_WARN_STRICT_PROTOTYPES = YES;
				CLANG_WARN_SUSPICIOUS_MOVE = YES;
				CLANG_WARN_UNGUARDED_AVAILABILITY = YES_AGGRESSIVE;
				CLANG_WARN_UNREACHABLE_CODE = YES;
				CLANG_WARN__DUPLICATE_METHOD_MATCH = YES;
				COPY_PHASE_STRIP = NO;
				DEBUG_INFORMATION_FORMAT = dwarf;
				ENABLE_STRICT_OBJC_MSGSEND = YES;
				ENABLE_TESTABILITY = YES;
				GCC_C_LANGUAGE_STANDARD = gnu11;
				GCC_DYNAMIC_NO_PIC = NO;
				GCC_NO_COMMON_BLOCKS = YES;
				GCC_OPTIMIZATION_LEVEL = 0;
				GCC_PREPROCESSOR_DEFINITIONS = (
					"DEBUG=1",
					"$(inherited)",
				);
				GCC_WARN_64_TO_32_BIT_CONVERSION = YES;
				GCC_WARN_ABOUT_RETURN_TYPE = YES_ERROR;
				GCC_WARN_UNDECLARED_SELECTOR = YES;
				GCC_WARN_UNINITIALIZED_AUTOS = YES_AGGRESSIVE;
				GCC_WARN_UNUSED_FUNCTION = YES;
				GCC_WARN_UNUSED_VARIABLE = YES;
				IPHONEOS_DEPLOYMENT_TARGET = 13.2;
				MTL_ENABLE_DEBUG_INFO = INCLUDE_SOURCE;
				MTL_FAST_MATH = YES;
				ONLY_ACTIVE_ARCH = YES;
				SDKROOT = iphoneos;
				SWIFT_ACTIVE_COMPILATION_CONDITIONS = DEBUG;
				SWIFT_OPTIMIZATION_LEVEL = "-Onone";
			};
			name = Debug;
		};
		4C45E36E23B07F6A00A125E7 /* Release */ = {
			isa = XCBuildConfiguration;
			buildSettings = {
				ALWAYS_SEARCH_USER_PATHS = NO;
				CLANG_ANALYZER_NONNULL = YES;
				CLANG_ANALYZER_NUMBER_OBJECT_CONVERSION = YES_AGGRESSIVE;
				CLANG_CXX_LANGUAGE_STANDARD = "gnu++14";
				CLANG_CXX_LIBRARY = "libc++";
				CLANG_ENABLE_MODULES = YES;
				CLANG_ENABLE_OBJC_ARC = YES;
				CLANG_ENABLE_OBJC_WEAK = YES;
				CLANG_WARN_BLOCK_CAPTURE_AUTORELEASING = YES;
				CLANG_WARN_BOOL_CONVERSION = YES;
				CLANG_WARN_COMMA = YES;
				CLANG_WARN_CONSTANT_CONVERSION = YES;
				CLANG_WARN_DEPRECATED_OBJC_IMPLEMENTATIONS = YES;
				CLANG_WARN_DIRECT_OBJC_ISA_USAGE = YES_ERROR;
				CLANG_WARN_DOCUMENTATION_COMMENTS = YES;
				CLANG_WARN_EMPTY_BODY = YES;
				CLANG_WARN_ENUM_CONVERSION = YES;
				CLANG_WARN_INFINITE_RECURSION = YES;
				CLANG_WARN_INT_CONVERSION = YES;
				CLANG_WARN_NON_LITERAL_NULL_CONVERSION = YES;
				CLANG_WARN_OBJC_IMPLICIT_RETAIN_SELF = YES;
				CLANG_WARN_OBJC_LITERAL_CONVERSION = YES;
				CLANG_WARN_OBJC_ROOT_CLASS = YES_ERROR;
				CLANG_WARN_RANGE_LOOP_ANALYSIS = YES;
				CLANG_WARN_STRICT_PROTOTYPES = YES;
				CLANG_WARN_SUSPICIOUS_MOVE = YES;
				CLANG_WARN_UNGUARDED_AVAILABILITY = YES_AGGRESSIVE;
				CLANG_WARN_UNREACHABLE_CODE = YES;
				CLANG_WARN__DUPLICATE_METHOD_MATCH = YES;
				COPY_PHASE_STRIP = NO;
				DEBUG_INFORMATION_FORMAT = "dwarf-with-dsym";
				ENABLE_NS_ASSERTIONS = NO;
				ENABLE_STRICT_OBJC_MSGSEND = YES;
				GCC_C_LANGUAGE_STANDARD = gnu11;
				GCC_NO_COMMON_BLOCKS = YES;
				GCC_WARN_64_TO_32_BIT_CONVERSION = YES;
				GCC_WARN_ABOUT_RETURN_TYPE = YES_ERROR;
				GCC_WARN_UNDECLARED_SELECTOR = YES;
				GCC_WARN_UNINITIALIZED_AUTOS = YES_AGGRESSIVE;
				GCC_WARN_UNUSED_FUNCTION = YES;
				GCC_WARN_UNUSED_VARIABLE = YES;
				IPHONEOS_DEPLOYMENT_TARGET = 13.2;
				MTL_ENABLE_DEBUG_INFO = NO;
				MTL_FAST_MATH = YES;
				SDKROOT = iphoneos;
				SWIFT_COMPILATION_MODE = wholemodule;
				SWIFT_OPTIMIZATION_LEVEL = "-O";
				VALIDATE_PRODUCT = YES;
			};
			name = Release;
		};
		4C45E37023B07F6A00A125E7 /* Debug */ = {
			isa = XCBuildConfiguration;
			buildSettings = {
				ASSETCATALOG_COMPILER_APPICON_NAME = AppIcon;
				CODE_SIGN_STYLE = Automatic;
				DEVELOPMENT_TEAM = R42JW2NS5S;
				INFOPLIST_FILE = DWGithub/Info.plist;
				LD_RUNPATH_SEARCH_PATHS = (
					"$(inherited)",
					"@executable_path/Frameworks",
				);
				PRODUCT_BUNDLE_IDENTIFIER = com.kodaewon.DWGithub;
				PRODUCT_NAME = "$(TARGET_NAME)";
				SWIFT_VERSION = 5.0;
				TARGETED_DEVICE_FAMILY = "1,2";
			};
			name = Debug;
		};
		4C45E37123B07F6A00A125E7 /* Release */ = {
			isa = XCBuildConfiguration;
			buildSettings = {
				ASSETCATALOG_COMPILER_APPICON_NAME = AppIcon;
				CODE_SIGN_STYLE = Automatic;
				DEVELOPMENT_TEAM = R42JW2NS5S;
				INFOPLIST_FILE = DWGithub/Info.plist;
				LD_RUNPATH_SEARCH_PATHS = (
					"$(inherited)",
					"@executable_path/Frameworks",
				);
				PRODUCT_BUNDLE_IDENTIFIER = com.kodaewon.DWGithub;
				PRODUCT_NAME = "$(TARGET_NAME)";
				SWIFT_VERSION = 5.0;
				TARGETED_DEVICE_FAMILY = "1,2";
			};
			name = Release;
		};
		4C45E37323B07F6A00A125E7 /* Debug */ = {
			isa = XCBuildConfiguration;
			buildSettings = {
				ALWAYS_EMBED_SWIFT_STANDARD_LIBRARIES = YES;
				BUNDLE_LOADER = "$(TEST_HOST)";
				CODE_SIGN_STYLE = Automatic;
				DEVELOPMENT_TEAM = R42JW2NS5S;
				INFOPLIST_FILE = DWGithubTests/Info.plist;
				IPHONEOS_DEPLOYMENT_TARGET = 13.2;
				LD_RUNPATH_SEARCH_PATHS = (
					"$(inherited)",
					"@executable_path/Frameworks",
					"@loader_path/Frameworks",
				);
				PRODUCT_BUNDLE_IDENTIFIER = com.kodaewon.DWGithubTests;
				PRODUCT_NAME = "$(TARGET_NAME)";
				SWIFT_VERSION = 5.0;
				TARGETED_DEVICE_FAMILY = "1,2";
				TEST_HOST = "$(BUILT_PRODUCTS_DIR)/DWGithub.app/DWGithub";
			};
			name = Debug;
		};
		4C45E37423B07F6A00A125E7 /* Release */ = {
			isa = XCBuildConfiguration;
			buildSettings = {
				ALWAYS_EMBED_SWIFT_STANDARD_LIBRARIES = YES;
				BUNDLE_LOADER = "$(TEST_HOST)";
				CODE_SIGN_STYLE = Automatic;
				DEVELOPMENT_TEAM = R42JW2NS5S;
				INFOPLIST_FILE = DWGithubTests/Info.plist;
				IPHONEOS_DEPLOYMENT_TARGET = 13.2;
				LD_RUNPATH_SEARCH_PATHS = (
					"$(inherited)",
					"@executable_path/Frameworks",
					"@loader_path/Frameworks",
				);
				PRODUCT_BUNDLE_IDENTIFIER = com.kodaewon.DWGithubTests;
				PRODUCT_NAME = "$(TARGET_NAME)";
				SWIFT_VERSION = 5.0;
				TARGETED_DEVICE_FAMILY = "1,2";
				TEST_HOST = "$(BUILT_PRODUCTS_DIR)/DWGithub.app/DWGithub";
			};
			name = Release;
		};
		4C45E37623B07F6A00A125E7 /* Debug */ = {
			isa = XCBuildConfiguration;
			buildSettings = {
				ALWAYS_EMBED_SWIFT_STANDARD_LIBRARIES = YES;
				CODE_SIGN_STYLE = Automatic;
				DEVELOPMENT_TEAM = R42JW2NS5S;
				INFOPLIST_FILE = DWGithubUITests/Info.plist;
				LD_RUNPATH_SEARCH_PATHS = (
					"$(inherited)",
					"@executable_path/Frameworks",
					"@loader_path/Frameworks",
				);
				PRODUCT_BUNDLE_IDENTIFIER = com.kodaewon.DWGithubUITests;
				PRODUCT_NAME = "$(TARGET_NAME)";
				SWIFT_VERSION = 5.0;
				TARGETED_DEVICE_FAMILY = "1,2";
				TEST_TARGET_NAME = DWGithub;
			};
			name = Debug;
		};
		4C45E37723B07F6A00A125E7 /* Release */ = {
			isa = XCBuildConfiguration;
			buildSettings = {
				ALWAYS_EMBED_SWIFT_STANDARD_LIBRARIES = YES;
				CODE_SIGN_STYLE = Automatic;
				DEVELOPMENT_TEAM = R42JW2NS5S;
				INFOPLIST_FILE = DWGithubUITests/Info.plist;
				LD_RUNPATH_SEARCH_PATHS = (
					"$(inherited)",
					"@executable_path/Frameworks",
					"@loader_path/Frameworks",
				);
				PRODUCT_BUNDLE_IDENTIFIER = com.kodaewon.DWGithubUITests;
				PRODUCT_NAME = "$(TARGET_NAME)";
				SWIFT_VERSION = 5.0;
				TARGETED_DEVICE_FAMILY = "1,2";
				TEST_TARGET_NAME = DWGithub;
			};
			name = Release;
		};
/* End XCBuildConfiguration section */

/* Begin XCConfigurationList section */
		4C45E34023B07F6A00A125E7 /* Build configuration list for PBXProject "DWGithub" */ = {
			isa = XCConfigurationList;
			buildConfigurations = (
				4C45E36D23B07F6A00A125E7 /* Debug */,
				4C45E36E23B07F6A00A125E7 /* Release */,
			);
			defaultConfigurationIsVisible = 0;
			defaultConfigurationName = Release;
		};
		4C45E36F23B07F6A00A125E7 /* Build configuration list for PBXNativeTarget "DWGithub" */ = {
			isa = XCConfigurationList;
			buildConfigurations = (
				4C45E37023B07F6A00A125E7 /* Debug */,
				4C45E37123B07F6A00A125E7 /* Release */,
			);
			defaultConfigurationIsVisible = 0;
			defaultConfigurationName = Release;
		};
		4C45E37223B07F6A00A125E7 /* Build configuration list for PBXNativeTarget "DWGithubTests" */ = {
			isa = XCConfigurationList;
			buildConfigurations = (
				4C45E37323B07F6A00A125E7 /* Debug */,
				4C45E37423B07F6A00A125E7 /* Release */,
			);
			defaultConfigurationIsVisible = 0;
			defaultConfigurationName = Release;
		};
		4C45E37523B07F6A00A125E7 /* Build configuration list for PBXNativeTarget "DWGithubUITests" */ = {
			isa = XCConfigurationList;
			buildConfigurations = (
				4C45E37623B07F6A00A125E7 /* Debug */,
				4C45E37723B07F6A00A125E7 /* Release */,
			);
			defaultConfigurationIsVisible = 0;
			defaultConfigurationName = Release;
		};
/* End XCConfigurationList section */
	};
	rootObject = 4C45E33D23B07F6A00A125E7 /* Project object */;
}
